// !$*UTF8*$!
{
	archiveVersion = 1;
	classes = {
	};
	objectVersion = 51;
	objects = {

/* Begin PBXBuildFile section */
		580506F526296723007CF39B /* RestaruantLogin.swift in Sources */ = {isa = PBXBuildFile; fileRef = 580506F426296723007CF39B /* RestaruantLogin.swift */; };
		580509182629AB07007CF39B /* QrParsing.swift in Sources */ = {isa = PBXBuildFile; fileRef = 580509172629AB07007CF39B /* QrParsing.swift */; };
		5808DDEC2632BD6800D0B0EC /* RestaurantOrderWork.swift in Sources */ = {isa = PBXBuildFile; fileRef = 5808DDEB2632BD6800D0B0EC /* RestaurantOrderWork.swift */; };
		580E1E232636D5AA00A16228 /* TabView.swift in Sources */ = {isa = PBXBuildFile; fileRef = 580E1E222636D5AA00A16228 /* TabView.swift */; };
		580E1E2D2636D61300A16228 /* ActiveOrderView.swift in Sources */ = {isa = PBXBuildFile; fileRef = 580E1E2C2636D61300A16228 /* ActiveOrderView.swift */; };
		580F92B52639D30E00E710A0 /* ExtraItemCategoryView.swift in Sources */ = {isa = PBXBuildFile; fileRef = 580F92B42639D30E00E710A0 /* ExtraItemCategoryView.swift */; };
		580FEE3D26412C07006ED835 /* KitchenView.swift in Sources */ = {isa = PBXBuildFile; fileRef = 580FEE3C26412C07006ED835 /* KitchenView.swift */; };
		580FEE3F2642314A006ED835 /* KitchenWork.swift in Sources */ = {isa = PBXBuildFile; fileRef = 580FEE3E2642314A006ED835 /* KitchenWork.swift */; };
		5811F943262DE4EA00050F2C /* UserDefaultsExtension.swift in Sources */ = {isa = PBXBuildFile; fileRef = 5811F942262DE4EA00050F2C /* UserDefaultsExtension.swift */; };
		5811F946262DE53000050F2C /* LounchScreen.swift in Sources */ = {isa = PBXBuildFile; fileRef = 5811F945262DE53000050F2C /* LounchScreen.swift */; };
		5811F94A262DE7A500050F2C /* Zones.swift in Sources */ = {isa = PBXBuildFile; fileRef = 5811F949262DE7A500050F2C /* Zones.swift */; };
		5811F94E262DE84100050F2C /* ZoneWork.swift in Sources */ = {isa = PBXBuildFile; fileRef = 5811F94D262DE84100050F2C /* ZoneWork.swift */; };
		581340C72645213C003E9BC6 /* OrderOverViewWork.swift in Sources */ = {isa = PBXBuildFile; fileRef = 581340C62645213C003E9BC6 /* OrderOverViewWork.swift */; };
		581340C926452152003E9BC6 /* KitchenOrderOverView.swift in Sources */ = {isa = PBXBuildFile; fileRef = 581340C826452152003E9BC6 /* KitchenOrderOverView.swift */; };
		5813CC5626309EB700924ED9 /* MenuView.swift in Sources */ = {isa = PBXBuildFile; fileRef = 5813CC5526309EB700924ED9 /* MenuView.swift */; };
		5813CC5926309EF200924ED9 /* MenuCategory.swift in Sources */ = {isa = PBXBuildFile; fileRef = 5813CC5826309EF200924ED9 /* MenuCategory.swift */; };
		5813CC5C26309EFB00924ED9 /* MenuItem.swift in Sources */ = {isa = PBXBuildFile; fileRef = 5813CC5B26309EFB00924ED9 /* MenuItem.swift */; };
		5813CC5F26309FF700924ED9 /* MenuWork.swift in Sources */ = {isa = PBXBuildFile; fileRef = 5813CC5E26309FF700924ED9 /* MenuWork.swift */; };
		58172563268710440054A291 /* ArrayExtension.swift in Sources */ = {isa = PBXBuildFile; fileRef = 58172562268710440054A291 /* ArrayExtension.swift */; };
		5818DF89262D5F4800352CE9 /* OnAppierExtension.swift in Sources */ = {isa = PBXBuildFile; fileRef = 5818DF88262D5F4800352CE9 /* OnAppierExtension.swift */; };
		5818DF90262DA50000352CE9 /* ActivityIndicatior.swift in Sources */ = {isa = PBXBuildFile; fileRef = 5818DF8F262DA50000352CE9 /* ActivityIndicatior.swift */; };
		581AB020266DF67D0049CD27 /* ItemAvailabilityController.swift in Sources */ = {isa = PBXBuildFile; fileRef = 581AB01F266DF67D0049CD27 /* ItemAvailabilityController.swift */; };
		581D4114262F6C61005F9B4F /* FullScreenCovers.swift in Sources */ = {isa = PBXBuildFile; fileRef = 581D4113262F6C61005F9B4F /* FullScreenCovers.swift */; };
		581DF41926371B3B00B426FC /* ActiveOrder.swift in Sources */ = {isa = PBXBuildFile; fileRef = 581DF41826371B3B00B426FC /* ActiveOrder.swift */; };
		581DF41C26371C6600B426FC /* ActiveOrderWork.swift in Sources */ = {isa = PBXBuildFile; fileRef = 581DF41B26371C6600B426FC /* ActiveOrderWork.swift */; };
		582066D82628129400D3BCCA /* OrderInnServiceApp.swift in Sources */ = {isa = PBXBuildFile; fileRef = 582066D72628129400D3BCCA /* OrderInnServiceApp.swift */; };
		582066DA2628129400D3BCCA /* QrScannerView.swift in Sources */ = {isa = PBXBuildFile; fileRef = 582066D92628129400D3BCCA /* QrScannerView.swift */; };
		582066DC2628129400D3BCCA /* Assets.xcassets in Resources */ = {isa = PBXBuildFile; fileRef = 582066DB2628129400D3BCCA /* Assets.xcassets */; };
		582066DF2628129400D3BCCA /* Preview Assets.xcassets in Resources */ = {isa = PBXBuildFile; fileRef = 582066DE2628129400D3BCCA /* Preview Assets.xcassets */; };
		582066E92628166900D3BCCA /* GoogleService-Info.plist in Resources */ = {isa = PBXBuildFile; fileRef = 582066E82628166900D3BCCA /* GoogleService-Info.plist */; };
		5822002F2658DEA0003D878C /* KitchenOrder.swift in Sources */ = {isa = PBXBuildFile; fileRef = 5822002E2658DEA0003D878C /* KitchenOrder.swift */; };
		585231E5262DA90100826BBC /* ZoneSelection.swift in Sources */ = {isa = PBXBuildFile; fileRef = 585231E4262DA90100826BBC /* ZoneSelection.swift */; };
		5852BCD12631A4C700E8DC1F /* RestaurantOrder.swift in Sources */ = {isa = PBXBuildFile; fileRef = 5852BCD02631A4C700E8DC1F /* RestaurantOrder.swift */; };
		58B5D4B42630267E00FC9223 /* TableSelectionView.swift in Sources */ = {isa = PBXBuildFile; fileRef = 58B5D4B32630267E00FC9223 /* TableSelectionView.swift */; };
		58B5D4B82630273800FC9223 /* Tables.swift in Sources */ = {isa = PBXBuildFile; fileRef = 58B5D4B72630273800FC9223 /* Tables.swift */; };
		58B5D4BB263027F400FC9223 /* TableSelectionWork.swift in Sources */ = {isa = PBXBuildFile; fileRef = 58B5D4BA263027F400FC9223 /* TableSelectionWork.swift */; };
		58E6111B2638875700BE159D /* ActiveOrdersEntry.swift in Sources */ = {isa = PBXBuildFile; fileRef = 58E6111A2638875700BE159D /* ActiveOrdersEntry.swift */; };
		58E61120263888C600BE159D /* ActiveOrderOverviewWork.swift in Sources */ = {isa = PBXBuildFile; fileRef = 58E6111F263888C600BE159D /* ActiveOrderOverviewWork.swift */; };
		58F07AA22628218400574D4F /* QrScannerViewController.swift in Sources */ = {isa = PBXBuildFile; fileRef = 58F07AA12628218400574D4F /* QrScannerViewController.swift */; };
		58F07AA52628255200574D4F /* QrCodeScannerView.swift in Sources */ = {isa = PBXBuildFile; fileRef = 58F07AA42628255200574D4F /* QrCodeScannerView.swift */; };
		58F07AA92628274700574D4F /* AlertItem.swift in Sources */ = {isa = PBXBuildFile; fileRef = 58F07AA82628274700574D4F /* AlertItem.swift */; };
		58F07AAC26282A0900574D4F /* QrCodeScannerWork.swift in Sources */ = {isa = PBXBuildFile; fileRef = 58F07AAB26282A0900574D4F /* QrCodeScannerWork.swift */; };
		58F07AB026282FE200574D4F /* CutOutView.swift in Sources */ = {isa = PBXBuildFile; fileRef = 58F07AAF26282FE200574D4F /* CutOutView.swift */; };
		58F07AB3262830D400574D4F /* BlurEffect.swift in Sources */ = {isa = PBXBuildFile; fileRef = 58F07AB2262830D400574D4F /* BlurEffect.swift */; };
		58F07AB726284ED500574D4F /* HalfModalView.swift in Sources */ = {isa = PBXBuildFile; fileRef = 58F07AB626284ED500574D4F /* HalfModalView.swift */; };
		58F0D7412632E51F0093B6EA /* OrderCatView.swift in Sources */ = {isa = PBXBuildFile; fileRef = 58F0D7402632E51F0093B6EA /* OrderCatView.swift */; };
		58F2895B26384E6200C973DB /* ActiveOrderOverview.swift in Sources */ = {isa = PBXBuildFile; fileRef = 58F2895A26384E6200C973DB /* ActiveOrderOverview.swift */; };
		58F91D71265FB87B0059E71A /* KitchenTabView.swift in Sources */ = {isa = PBXBuildFile; fileRef = 58F91D70265FB87B0059E71A /* KitchenTabView.swift */; };
		58F91D74265FC3000059E71A /* ItemAvailability.swift in Sources */ = {isa = PBXBuildFile; fileRef = 58F91D73265FC3000059E71A /* ItemAvailability.swift */; };
		8D81E1853CD596EA1AD61F7F /* Pods_OrderInnService.framework in Frameworks */ = {isa = PBXBuildFile; fileRef = CE781D33A4AA74DA91BE73F7 /* Pods_OrderInnService.framework */; };
/* End PBXBuildFile section */

/* Begin PBXFileReference section */
		580506F426296723007CF39B /* RestaruantLogin.swift */ = {isa = PBXFileReference; lastKnownFileType = sourcecode.swift; path = RestaruantLogin.swift; sourceTree = "<group>"; };
		580509172629AB07007CF39B /* QrParsing.swift */ = {isa = PBXFileReference; lastKnownFileType = sourcecode.swift; path = QrParsing.swift; sourceTree = "<group>"; };
		5808DDEB2632BD6800D0B0EC /* RestaurantOrderWork.swift */ = {isa = PBXFileReference; lastKnownFileType = sourcecode.swift; path = RestaurantOrderWork.swift; sourceTree = "<group>"; };
		580E1E222636D5AA00A16228 /* TabView.swift */ = {isa = PBXFileReference; lastKnownFileType = sourcecode.swift; path = TabView.swift; sourceTree = "<group>"; };
		580E1E2C2636D61300A16228 /* ActiveOrderView.swift */ = {isa = PBXFileReference; lastKnownFileType = sourcecode.swift; path = ActiveOrderView.swift; sourceTree = "<group>"; };
		580F92B42639D30E00E710A0 /* ExtraItemCategoryView.swift */ = {isa = PBXFileReference; lastKnownFileType = sourcecode.swift; path = ExtraItemCategoryView.swift; sourceTree = "<group>"; };
		580FEE3C26412C07006ED835 /* KitchenView.swift */ = {isa = PBXFileReference; lastKnownFileType = sourcecode.swift; path = KitchenView.swift; sourceTree = "<group>"; };
		580FEE3E2642314A006ED835 /* KitchenWork.swift */ = {isa = PBXFileReference; lastKnownFileType = sourcecode.swift; path = KitchenWork.swift; sourceTree = "<group>"; };
		5811F942262DE4EA00050F2C /* UserDefaultsExtension.swift */ = {isa = PBXFileReference; lastKnownFileType = sourcecode.swift; path = UserDefaultsExtension.swift; sourceTree = "<group>"; };
		5811F945262DE53000050F2C /* LounchScreen.swift */ = {isa = PBXFileReference; lastKnownFileType = sourcecode.swift; path = LounchScreen.swift; sourceTree = "<group>"; };
		5811F949262DE7A500050F2C /* Zones.swift */ = {isa = PBXFileReference; lastKnownFileType = sourcecode.swift; path = Zones.swift; sourceTree = "<group>"; };
		5811F94D262DE84100050F2C /* ZoneWork.swift */ = {isa = PBXFileReference; lastKnownFileType = sourcecode.swift; path = ZoneWork.swift; sourceTree = "<group>"; };
		581340C62645213C003E9BC6 /* OrderOverViewWork.swift */ = {isa = PBXFileReference; lastKnownFileType = sourcecode.swift; path = OrderOverViewWork.swift; sourceTree = "<group>"; };
		581340C826452152003E9BC6 /* KitchenOrderOverView.swift */ = {isa = PBXFileReference; lastKnownFileType = sourcecode.swift; path = KitchenOrderOverView.swift; sourceTree = "<group>"; };
		5813CC5526309EB700924ED9 /* MenuView.swift */ = {isa = PBXFileReference; lastKnownFileType = sourcecode.swift; path = MenuView.swift; sourceTree = "<group>"; };
		5813CC5826309EF200924ED9 /* MenuCategory.swift */ = {isa = PBXFileReference; lastKnownFileType = sourcecode.swift; path = MenuCategory.swift; sourceTree = "<group>"; };
		5813CC5B26309EFB00924ED9 /* MenuItem.swift */ = {isa = PBXFileReference; lastKnownFileType = sourcecode.swift; path = MenuItem.swift; sourceTree = "<group>"; };
		5813CC5E26309FF700924ED9 /* MenuWork.swift */ = {isa = PBXFileReference; lastKnownFileType = sourcecode.swift; path = MenuWork.swift; sourceTree = "<group>"; };
		58172562268710440054A291 /* ArrayExtension.swift */ = {isa = PBXFileReference; lastKnownFileType = sourcecode.swift; path = ArrayExtension.swift; sourceTree = "<group>"; };
		5818DF88262D5F4800352CE9 /* OnAppierExtension.swift */ = {isa = PBXFileReference; lastKnownFileType = sourcecode.swift; path = OnAppierExtension.swift; sourceTree = "<group>"; };
		5818DF8F262DA50000352CE9 /* ActivityIndicatior.swift */ = {isa = PBXFileReference; lastKnownFileType = sourcecode.swift; path = ActivityIndicatior.swift; sourceTree = "<group>"; };
		581AB01F266DF67D0049CD27 /* ItemAvailabilityController.swift */ = {isa = PBXFileReference; lastKnownFileType = sourcecode.swift; path = ItemAvailabilityController.swift; sourceTree = "<group>"; };
		581D4113262F6C61005F9B4F /* FullScreenCovers.swift */ = {isa = PBXFileReference; lastKnownFileType = sourcecode.swift; path = FullScreenCovers.swift; sourceTree = "<group>"; };
		581DF41826371B3B00B426FC /* ActiveOrder.swift */ = {isa = PBXFileReference; lastKnownFileType = sourcecode.swift; path = ActiveOrder.swift; sourceTree = "<group>"; };
		581DF41B26371C6600B426FC /* ActiveOrderWork.swift */ = {isa = PBXFileReference; lastKnownFileType = sourcecode.swift; path = ActiveOrderWork.swift; sourceTree = "<group>"; };
		582066D42628129400D3BCCA /* OrderInnService.app */ = {isa = PBXFileReference; explicitFileType = wrapper.application; includeInIndex = 0; path = OrderInnService.app; sourceTree = BUILT_PRODUCTS_DIR; };
		582066D72628129400D3BCCA /* OrderInnServiceApp.swift */ = {isa = PBXFileReference; lastKnownFileType = sourcecode.swift; path = OrderInnServiceApp.swift; sourceTree = "<group>"; };
		582066D92628129400D3BCCA /* QrScannerView.swift */ = {isa = PBXFileReference; lastKnownFileType = sourcecode.swift; path = QrScannerView.swift; sourceTree = "<group>"; };
		582066DB2628129400D3BCCA /* Assets.xcassets */ = {isa = PBXFileReference; lastKnownFileType = folder.assetcatalog; path = Assets.xcassets; sourceTree = "<group>"; };
		582066DE2628129400D3BCCA /* Preview Assets.xcassets */ = {isa = PBXFileReference; lastKnownFileType = folder.assetcatalog; path = "Preview Assets.xcassets"; sourceTree = "<group>"; };
		582066E02628129400D3BCCA /* Info.plist */ = {isa = PBXFileReference; lastKnownFileType = text.plist.xml; path = Info.plist; sourceTree = "<group>"; };
		582066E82628166900D3BCCA /* GoogleService-Info.plist */ = {isa = PBXFileReference; fileEncoding = 4; lastKnownFileType = text.plist.xml; path = "GoogleService-Info.plist"; sourceTree = "<group>"; };
		5822002E2658DEA0003D878C /* KitchenOrder.swift */ = {isa = PBXFileReference; lastKnownFileType = sourcecode.swift; path = KitchenOrder.swift; sourceTree = "<group>"; };
		585231E4262DA90100826BBC /* ZoneSelection.swift */ = {isa = PBXFileReference; lastKnownFileType = sourcecode.swift; path = ZoneSelection.swift; sourceTree = "<group>"; };
		5852BCD02631A4C700E8DC1F /* RestaurantOrder.swift */ = {isa = PBXFileReference; lastKnownFileType = sourcecode.swift; path = RestaurantOrder.swift; sourceTree = "<group>"; };
		58B5D4B32630267E00FC9223 /* TableSelectionView.swift */ = {isa = PBXFileReference; lastKnownFileType = sourcecode.swift; path = TableSelectionView.swift; sourceTree = "<group>"; };
		58B5D4B72630273800FC9223 /* Tables.swift */ = {isa = PBXFileReference; lastKnownFileType = sourcecode.swift; path = Tables.swift; sourceTree = "<group>"; };
		58B5D4BA263027F400FC9223 /* TableSelectionWork.swift */ = {isa = PBXFileReference; lastKnownFileType = sourcecode.swift; path = TableSelectionWork.swift; sourceTree = "<group>"; };
		58E6111A2638875700BE159D /* ActiveOrdersEntry.swift */ = {isa = PBXFileReference; lastKnownFileType = sourcecode.swift; path = ActiveOrdersEntry.swift; sourceTree = "<group>"; };
		58E6111F263888C600BE159D /* ActiveOrderOverviewWork.swift */ = {isa = PBXFileReference; lastKnownFileType = sourcecode.swift; path = ActiveOrderOverviewWork.swift; sourceTree = "<group>"; };
		58F07AA12628218400574D4F /* QrScannerViewController.swift */ = {isa = PBXFileReference; lastKnownFileType = sourcecode.swift; path = QrScannerViewController.swift; sourceTree = "<group>"; };
		58F07AA42628255200574D4F /* QrCodeScannerView.swift */ = {isa = PBXFileReference; lastKnownFileType = sourcecode.swift; path = QrCodeScannerView.swift; sourceTree = "<group>"; };
		58F07AA82628274700574D4F /* AlertItem.swift */ = {isa = PBXFileReference; lastKnownFileType = sourcecode.swift; path = AlertItem.swift; sourceTree = "<group>"; };
		58F07AAB26282A0900574D4F /* QrCodeScannerWork.swift */ = {isa = PBXFileReference; lastKnownFileType = sourcecode.swift; path = QrCodeScannerWork.swift; sourceTree = "<group>"; };
		58F07AAF26282FE200574D4F /* CutOutView.swift */ = {isa = PBXFileReference; lastKnownFileType = sourcecode.swift; path = CutOutView.swift; sourceTree = "<group>"; };
		58F07AB2262830D400574D4F /* BlurEffect.swift */ = {isa = PBXFileReference; lastKnownFileType = sourcecode.swift; path = BlurEffect.swift; sourceTree = "<group>"; };
		58F07AB626284ED500574D4F /* HalfModalView.swift */ = {isa = PBXFileReference; lastKnownFileType = sourcecode.swift; path = HalfModalView.swift; sourceTree = "<group>"; };
		58F0D7402632E51F0093B6EA /* OrderCatView.swift */ = {isa = PBXFileReference; lastKnownFileType = sourcecode.swift; path = OrderCatView.swift; sourceTree = "<group>"; };
		58F2895A26384E6200C973DB /* ActiveOrderOverview.swift */ = {isa = PBXFileReference; lastKnownFileType = sourcecode.swift; path = ActiveOrderOverview.swift; sourceTree = "<group>"; };
		58F91D70265FB87B0059E71A /* KitchenTabView.swift */ = {isa = PBXFileReference; lastKnownFileType = sourcecode.swift; path = KitchenTabView.swift; sourceTree = "<group>"; };
		58F91D73265FC3000059E71A /* ItemAvailability.swift */ = {isa = PBXFileReference; lastKnownFileType = sourcecode.swift; path = ItemAvailability.swift; sourceTree = "<group>"; };
		6562377B875D8068684ABD5E /* Pods-OrderInnService.debug.xcconfig */ = {isa = PBXFileReference; includeInIndex = 1; lastKnownFileType = text.xcconfig; name = "Pods-OrderInnService.debug.xcconfig"; path = "Target Support Files/Pods-OrderInnService/Pods-OrderInnService.debug.xcconfig"; sourceTree = "<group>"; };
		B74389A744C6D626A6848115 /* Pods-OrderInnService.release.xcconfig */ = {isa = PBXFileReference; includeInIndex = 1; lastKnownFileType = text.xcconfig; name = "Pods-OrderInnService.release.xcconfig"; path = "Target Support Files/Pods-OrderInnService/Pods-OrderInnService.release.xcconfig"; sourceTree = "<group>"; };
		CE781D33A4AA74DA91BE73F7 /* Pods_OrderInnService.framework */ = {isa = PBXFileReference; explicitFileType = wrapper.framework; includeInIndex = 0; path = Pods_OrderInnService.framework; sourceTree = BUILT_PRODUCTS_DIR; };
/* End PBXFileReference section */

/* Begin PBXFrameworksBuildPhase section */
		582066D12628129400D3BCCA /* Frameworks */ = {
			isa = PBXFrameworksBuildPhase;
			buildActionMask = 2147483647;
			files = (
				8D81E1853CD596EA1AD61F7F /* Pods_OrderInnService.framework in Frameworks */,
			);
			runOnlyForDeploymentPostprocessing = 0;
		};
/* End PBXFrameworksBuildPhase section */

/* Begin PBXGroup section */
		2F1CF75E67091DDE4106CB3B /* Frameworks */ = {
			isa = PBXGroup;
			children = (
				CE781D33A4AA74DA91BE73F7 /* Pods_OrderInnService.framework */,
			);
			name = Frameworks;
			sourceTree = "<group>";
		};
		580506F32629670B007CF39B /* Models */ = {
			isa = PBXGroup;
			children = (
				580506F426296723007CF39B /* RestaruantLogin.swift */,
				5811F949262DE7A500050F2C /* Zones.swift */,
				58B5D4B72630273800FC9223 /* Tables.swift */,
				5813CC5B26309EFB00924ED9 /* MenuItem.swift */,
				5813CC5826309EF200924ED9 /* MenuCategory.swift */,
				5852BCD02631A4C700E8DC1F /* RestaurantOrder.swift */,
				581DF41826371B3B00B426FC /* ActiveOrder.swift */,
				58E6111A2638875700BE159D /* ActiveOrdersEntry.swift */,
			);
			path = Models;
			sourceTree = "<group>";
		};
		580509162629AAEA007CF39B /* Common */ = {
			isa = PBXGroup;
			children = (
				58F07AA82628274700574D4F /* AlertItem.swift */,
				580509172629AB07007CF39B /* QrParsing.swift */,
				58F07AB626284ED500574D4F /* HalfModalView.swift */,
				58F07AB2262830D400574D4F /* BlurEffect.swift */,
				5818DF8F262DA50000352CE9 /* ActivityIndicatior.swift */,
				581D4113262F6C61005F9B4F /* FullScreenCovers.swift */,
			);
			path = Common;
			sourceTree = "<group>";
		};
		580E1E212636D59900A16228 /* TabView */ = {
			isa = PBXGroup;
			children = (
				580E1E222636D5AA00A16228 /* TabView.swift */,
			);
			path = TabView;
			sourceTree = "<group>";
		};
		580E1E252636D5E400A16228 /* ActiveTables */ = {
			isa = PBXGroup;
			children = (
				581DF41B26371C6600B426FC /* ActiveOrderWork.swift */,
				580E1E2C2636D61300A16228 /* ActiveOrderView.swift */,
			);
			path = ActiveTables;
			sourceTree = "<group>";
		};
		580E1E312636DBC300A16228 /* WaiterWorkStation */ = {
			isa = PBXGroup;
			children = (
				5811F945262DE53000050F2C /* LounchScreen.swift */,
				580E1E212636D59900A16228 /* TabView */,
				580506F32629670B007CF39B /* Models */,
				582FD06D2628B63D00B73C8C /* ZoneSelection */,
				58B5D4B22630265A00FC9223 /* TableSelection */,
				5813CC5426309E6D00924ED9 /* MenuSelection */,
				58F0D73F2632E4FF0093B6EA /* OrderCartView */,
				580E1E252636D5E400A16228 /* ActiveTables */,
				58F2895926384E3C00C973DB /* ActiveOrderOverview */,
			);
			path = WaiterWorkStation;
			sourceTree = "<group>";
		};
		580FEE3B26412BF3006ED835 /* OrderPreparation */ = {
			isa = PBXGroup;
			children = (
				581340C2264520D6003E9BC6 /* Kitchen */,
			);
			path = OrderPreparation;
			sourceTree = "<group>";
		};
		581340C2264520D6003E9BC6 /* Kitchen */ = {
			isa = PBXGroup;
			children = (
				58F91D70265FB87B0059E71A /* KitchenTabView.swift */,
				5822002D2658DE8B003D878C /* Models */,
				581340C526452112003E9BC6 /* KitchenOrderOverView */,
				581340C3264520F9003E9BC6 /* KitchenOrders */,
				58F91D72265FC2DB0059E71A /* ItemAvailability */,
			);
			path = Kitchen;
			sourceTree = "<group>";
		};
		581340C3264520F9003E9BC6 /* KitchenOrders */ = {
			isa = PBXGroup;
			children = (
				580FEE3E2642314A006ED835 /* KitchenWork.swift */,
				580FEE3C26412C07006ED835 /* KitchenView.swift */,
			);
			path = KitchenOrders;
			sourceTree = "<group>";
		};
		581340C526452112003E9BC6 /* KitchenOrderOverView */ = {
			isa = PBXGroup;
			children = (
				581340C62645213C003E9BC6 /* OrderOverViewWork.swift */,
				581340C826452152003E9BC6 /* KitchenOrderOverView.swift */,
			);
			path = KitchenOrderOverView;
			sourceTree = "<group>";
		};
		5813CC5426309E6D00924ED9 /* MenuSelection */ = {
			isa = PBXGroup;
			children = (
				5813CC5E26309FF700924ED9 /* MenuWork.swift */,
				5813CC5526309EB700924ED9 /* MenuView.swift */,
			);
			path = MenuSelection;
			sourceTree = "<group>";
		};
		582066CB2628129400D3BCCA = {
			isa = PBXGroup;
			children = (
				582066D62628129400D3BCCA /* OrderInnService */,
				582066D52628129400D3BCCA /* Products */,
				63EFB55165DA9DC0E0B1E609 /* Pods */,
				2F1CF75E67091DDE4106CB3B /* Frameworks */,
			);
			sourceTree = "<group>";
		};
		582066D52628129400D3BCCA /* Products */ = {
			isa = PBXGroup;
			children = (
				582066D42628129400D3BCCA /* OrderInnService.app */,
			);
			name = Products;
			sourceTree = "<group>";
		};
		582066D62628129400D3BCCA /* OrderInnService */ = {
			isa = PBXGroup;
			children = (
				582066D72628129400D3BCCA /* OrderInnServiceApp.swift */,
				580FEE3B26412BF3006ED835 /* OrderPreparation */,
				580E1E312636DBC300A16228 /* WaiterWorkStation */,
				5838DB2D262820A2001698D7 /* QrScannerView */,
				58F07AAE26282FC300574D4F /* Extensions */,
				580509162629AAEA007CF39B /* Common */,
				582066DB2628129400D3BCCA /* Assets.xcassets */,
				582066E02628129400D3BCCA /* Info.plist */,
				582066E82628166900D3BCCA /* GoogleService-Info.plist */,
				582066DD2628129400D3BCCA /* Preview Content */,
			);
			path = OrderInnService;
			sourceTree = "<group>";
		};
		582066DD2628129400D3BCCA /* Preview Content */ = {
			isa = PBXGroup;
			children = (
				582066DE2628129400D3BCCA /* Preview Assets.xcassets */,
			);
			path = "Preview Content";
			sourceTree = "<group>";
		};
		5822002D2658DE8B003D878C /* Models */ = {
			isa = PBXGroup;
			children = (
				5822002E2658DEA0003D878C /* KitchenOrder.swift */,
			);
			path = Models;
			sourceTree = "<group>";
		};
		582FD06D2628B63D00B73C8C /* ZoneSelection */ = {
			isa = PBXGroup;
			children = (
				5811F94D262DE84100050F2C /* ZoneWork.swift */,
				585231E4262DA90100826BBC /* ZoneSelection.swift */,
			);
			path = ZoneSelection;
			sourceTree = "<group>";
		};
		5838DB2D262820A2001698D7 /* QrScannerView */ = {
			isa = PBXGroup;
			children = (
				58F07AA02628215100574D4F /* UIKit Components */,
				58F07AAB26282A0900574D4F /* QrCodeScannerWork.swift */,
				582066D92628129400D3BCCA /* QrScannerView.swift */,
			);
			path = QrScannerView;
			sourceTree = "<group>";
		};
		58B5D4B22630265A00FC9223 /* TableSelection */ = {
			isa = PBXGroup;
			children = (
				58B5D4BA263027F400FC9223 /* TableSelectionWork.swift */,
				58B5D4B32630267E00FC9223 /* TableSelectionView.swift */,
			);
			path = TableSelection;
			sourceTree = "<group>";
		};
		58F07AA02628215100574D4F /* UIKit Components */ = {
			isa = PBXGroup;
			children = (
				58F07AA12628218400574D4F /* QrScannerViewController.swift */,
				58F07AA42628255200574D4F /* QrCodeScannerView.swift */,
			);
			path = "UIKit Components";
			sourceTree = "<group>";
		};
		58F07AAE26282FC300574D4F /* Extensions */ = {
			isa = PBXGroup;
			children = (
				58F07AAF26282FE200574D4F /* CutOutView.swift */,
				5818DF88262D5F4800352CE9 /* OnAppierExtension.swift */,
				5811F942262DE4EA00050F2C /* UserDefaultsExtension.swift */,
				58172562268710440054A291 /* ArrayExtension.swift */,
			);
			path = Extensions;
			sourceTree = "<group>";
		};
		58F0D73F2632E4FF0093B6EA /* OrderCartView */ = {
			isa = PBXGroup;
			children = (
				5808DDEB2632BD6800D0B0EC /* RestaurantOrderWork.swift */,
				58F0D7402632E51F0093B6EA /* OrderCatView.swift */,
			);
			path = OrderCartView;
			sourceTree = "<group>";
		};
		58F2895926384E3C00C973DB /* ActiveOrderOverview */ = {
			isa = PBXGroup;
			children = (
				58E6111F263888C600BE159D /* ActiveOrderOverviewWork.swift */,
				58F2895A26384E6200C973DB /* ActiveOrderOverview.swift */,
				580F92B42639D30E00E710A0 /* ExtraItemCategoryView.swift */,
			);
			path = ActiveOrderOverview;
			sourceTree = "<group>";
		};
		58F91D72265FC2DB0059E71A /* ItemAvailability */ = {
			isa = PBXGroup;
			children = (
				581AB01F266DF67D0049CD27 /* ItemAvailabilityController.swift */,
				58F91D73265FC3000059E71A /* ItemAvailability.swift */,
			);
			path = ItemAvailability;
			sourceTree = "<group>";
		};
		63EFB55165DA9DC0E0B1E609 /* Pods */ = {
			isa = PBXGroup;
			children = (
				6562377B875D8068684ABD5E /* Pods-OrderInnService.debug.xcconfig */,
				B74389A744C6D626A6848115 /* Pods-OrderInnService.release.xcconfig */,
			);
			path = Pods;
			sourceTree = "<group>";
		};
/* End PBXGroup section */

/* Begin PBXNativeTarget section */
		582066D32628129400D3BCCA /* OrderInnService */ = {
			isa = PBXNativeTarget;
			buildConfigurationList = 582066E32628129400D3BCCA /* Build configuration list for PBXNativeTarget "OrderInnService" */;
			buildPhases = (
				9547EC8B8447574559AE224C /* [CP] Check Pods Manifest.lock */,
				582066D02628129400D3BCCA /* Sources */,
				582066D12628129400D3BCCA /* Frameworks */,
				582066D22628129400D3BCCA /* Resources */,
				6F8B05F345696D28FA8B7C3E /* [CP] Embed Pods Frameworks */,
			);
			buildRules = (
			);
			dependencies = (
			);
			name = OrderInnService;
			productName = OrderInnService;
			productReference = 582066D42628129400D3BCCA /* OrderInnService.app */;
			productType = "com.apple.product-type.application";
		};
/* End PBXNativeTarget section */

/* Begin PBXProject section */
		582066CC2628129400D3BCCA /* Project object */ = {
			isa = PBXProject;
			attributes = {
				LastSwiftUpdateCheck = 1240;
				LastUpgradeCheck = 1240;
				TargetAttributes = {
					582066D32628129400D3BCCA = {
						CreatedOnToolsVersion = 12.4;
					};
				};
			};
			buildConfigurationList = 582066CF2628129400D3BCCA /* Build configuration list for PBXProject "OrderInnService" */;
			compatibilityVersion = "Xcode 9.3";
			developmentRegion = en;
			hasScannedForEncodings = 0;
			knownRegions = (
				en,
				Base,
			);
			mainGroup = 582066CB2628129400D3BCCA;
			productRefGroup = 582066D52628129400D3BCCA /* Products */;
			projectDirPath = "";
			projectRoot = "";
			targets = (
				582066D32628129400D3BCCA /* OrderInnService */,
			);
		};
/* End PBXProject section */

/* Begin PBXResourcesBuildPhase section */
		582066D22628129400D3BCCA /* Resources */ = {
			isa = PBXResourcesBuildPhase;
			buildActionMask = 2147483647;
			files = (
				582066DF2628129400D3BCCA /* Preview Assets.xcassets in Resources */,
				582066DC2628129400D3BCCA /* Assets.xcassets in Resources */,
				582066E92628166900D3BCCA /* GoogleService-Info.plist in Resources */,
			);
			runOnlyForDeploymentPostprocessing = 0;
		};
/* End PBXResourcesBuildPhase section */

/* Begin PBXShellScriptBuildPhase section */
		6F8B05F345696D28FA8B7C3E /* [CP] Embed Pods Frameworks */ = {
			isa = PBXShellScriptBuildPhase;
			buildActionMask = 2147483647;
			files = (
			);
			inputFileListPaths = (
				"${PODS_ROOT}/Target Support Files/Pods-OrderInnService/Pods-OrderInnService-frameworks-${CONFIGURATION}-input-files.xcfilelist",
			);
			name = "[CP] Embed Pods Frameworks";
			outputFileListPaths = (
				"${PODS_ROOT}/Target Support Files/Pods-OrderInnService/Pods-OrderInnService-frameworks-${CONFIGURATION}-output-files.xcfilelist",
			);
			runOnlyForDeploymentPostprocessing = 0;
			shellPath = /bin/sh;
			shellScript = "\"${PODS_ROOT}/Target Support Files/Pods-OrderInnService/Pods-OrderInnService-frameworks.sh\"\n";
			showEnvVarsInLog = 0;
		};
		9547EC8B8447574559AE224C /* [CP] Check Pods Manifest.lock */ = {
			isa = PBXShellScriptBuildPhase;
			buildActionMask = 2147483647;
			files = (
			);
			inputFileListPaths = (
			);
			inputPaths = (
				"${PODS_PODFILE_DIR_PATH}/Podfile.lock",
				"${PODS_ROOT}/Manifest.lock",
			);
			name = "[CP] Check Pods Manifest.lock";
			outputFileListPaths = (
			);
			outputPaths = (
				"$(DERIVED_FILE_DIR)/Pods-OrderInnService-checkManifestLockResult.txt",
			);
			runOnlyForDeploymentPostprocessing = 0;
			shellPath = /bin/sh;
			shellScript = "diff \"${PODS_PODFILE_DIR_PATH}/Podfile.lock\" \"${PODS_ROOT}/Manifest.lock\" > /dev/null\nif [ $? != 0 ] ; then\n    # print error to STDERR\n    echo \"error: The sandbox is not in sync with the Podfile.lock. Run 'pod install' or update your CocoaPods installation.\" >&2\n    exit 1\nfi\n# This output is used by Xcode 'outputs' to avoid re-running this script phase.\necho \"SUCCESS\" > \"${SCRIPT_OUTPUT_FILE_0}\"\n";
			showEnvVarsInLog = 0;
		};
/* End PBXShellScriptBuildPhase section */

/* Begin PBXSourcesBuildPhase section */
		582066D02628129400D3BCCA /* Sources */ = {
			isa = PBXSourcesBuildPhase;
			buildActionMask = 2147483647;
			files = (
				58F91D71265FB87B0059E71A /* KitchenTabView.swift in Sources */,
				5813CC5626309EB700924ED9 /* MenuView.swift in Sources */,
				580E1E232636D5AA00A16228 /* TabView.swift in Sources */,
				58E61120263888C600BE159D /* ActiveOrderOverviewWork.swift in Sources */,
				5818DF90262DA50000352CE9 /* ActivityIndicatior.swift in Sources */,
				58F07AA22628218400574D4F /* QrScannerViewController.swift in Sources */,
				581DF41926371B3B00B426FC /* ActiveOrder.swift in Sources */,
				58B5D4BB263027F400FC9223 /* TableSelectionWork.swift in Sources */,
				581340C926452152003E9BC6 /* KitchenOrderOverView.swift in Sources */,
				585231E5262DA90100826BBC /* ZoneSelection.swift in Sources */,
				58F07AB726284ED500574D4F /* HalfModalView.swift in Sources */,
				5811F946262DE53000050F2C /* LounchScreen.swift in Sources */,
				581AB020266DF67D0049CD27 /* ItemAvailabilityController.swift in Sources */,
				580506F526296723007CF39B /* RestaruantLogin.swift in Sources */,
				58E6111B2638875700BE159D /* ActiveOrdersEntry.swift in Sources */,
				5811F94E262DE84100050F2C /* ZoneWork.swift in Sources */,
				58F07AA52628255200574D4F /* QrCodeScannerView.swift in Sources */,
				582066DA2628129400D3BCCA /* QrScannerView.swift in Sources */,
				580509182629AB07007CF39B /* QrParsing.swift in Sources */,
				581340C72645213C003E9BC6 /* OrderOverViewWork.swift in Sources */,
				5808DDEC2632BD6800D0B0EC /* RestaurantOrderWork.swift in Sources */,
				580E1E2D2636D61300A16228 /* ActiveOrderView.swift in Sources */,
				5852BCD12631A4C700E8DC1F /* RestaurantOrder.swift in Sources */,
				5818DF89262D5F4800352CE9 /* OnAppierExtension.swift in Sources */,
				581D4114262F6C61005F9B4F /* FullScreenCovers.swift in Sources */,
				5813CC5C26309EFB00924ED9 /* MenuItem.swift in Sources */,
				58B5D4B42630267E00FC9223 /* TableSelectionView.swift in Sources */,
				581DF41C26371C6600B426FC /* ActiveOrderWork.swift in Sources */,
				58F91D74265FC3000059E71A /* ItemAvailability.swift in Sources */,
				58F0D7412632E51F0093B6EA /* OrderCatView.swift in Sources */,
				58F07AAC26282A0900574D4F /* QrCodeScannerWork.swift in Sources */,
				5813CC5926309EF200924ED9 /* MenuCategory.swift in Sources */,
				58F2895B26384E6200C973DB /* ActiveOrderOverview.swift in Sources */,
				58172563268710440054A291 /* ArrayExtension.swift in Sources */,
				5811F943262DE4EA00050F2C /* UserDefaultsExtension.swift in Sources */,
				58F07AA92628274700574D4F /* AlertItem.swift in Sources */,
				580FEE3F2642314A006ED835 /* KitchenWork.swift in Sources */,
				58B5D4B82630273800FC9223 /* Tables.swift in Sources */,
				580F92B52639D30E00E710A0 /* ExtraItemCategoryView.swift in Sources */,
				5813CC5F26309FF700924ED9 /* MenuWork.swift in Sources */,
				58F07AB3262830D400574D4F /* BlurEffect.swift in Sources */,
				5811F94A262DE7A500050F2C /* Zones.swift in Sources */,
				580FEE3D26412C07006ED835 /* KitchenView.swift in Sources */,
				5822002F2658DEA0003D878C /* KitchenOrder.swift in Sources */,
				582066D82628129400D3BCCA /* OrderInnServiceApp.swift in Sources */,
				58F07AB026282FE200574D4F /* CutOutView.swift in Sources */,
			);
			runOnlyForDeploymentPostprocessing = 0;
		};
/* End PBXSourcesBuildPhase section */

/* Begin XCBuildConfiguration section */
		582066E12628129400D3BCCA /* Debug */ = {
			isa = XCBuildConfiguration;
			buildSettings = {
				ALWAYS_SEARCH_USER_PATHS = NO;
				CLANG_ANALYZER_NONNULL = YES;
				CLANG_ANALYZER_NUMBER_OBJECT_CONVERSION = YES_AGGRESSIVE;
				CLANG_CXX_LANGUAGE_STANDARD = "gnu++14";
				CLANG_CXX_LIBRARY = "libc++";
				CLANG_ENABLE_MODULES = YES;
				CLANG_ENABLE_OBJC_ARC = YES;
				CLANG_ENABLE_OBJC_WEAK = YES;
				CLANG_WARN_BLOCK_CAPTURE_AUTORELEASING = YES;
				CLANG_WARN_BOOL_CONVERSION = YES;
				CLANG_WARN_COMMA = YES;
				CLANG_WARN_CONSTANT_CONVERSION = YES;
				CLANG_WARN_DEPRECATED_OBJC_IMPLEMENTATIONS = YES;
				CLANG_WARN_DIRECT_OBJC_ISA_USAGE = YES_ERROR;
				CLANG_WARN_DOCUMENTATION_COMMENTS = YES;
				CLANG_WARN_EMPTY_BODY = YES;
				CLANG_WARN_ENUM_CONVERSION = YES;
				CLANG_WARN_INFINITE_RECURSION = YES;
				CLANG_WARN_INT_CONVERSION = YES;
				CLANG_WARN_NON_LITERAL_NULL_CONVERSION = YES;
				CLANG_WARN_OBJC_IMPLICIT_RETAIN_SELF = YES;
				CLANG_WARN_OBJC_LITERAL_CONVERSION = YES;
				CLANG_WARN_OBJC_ROOT_CLASS = YES_ERROR;
				CLANG_WARN_QUOTED_INCLUDE_IN_FRAMEWORK_HEADER = YES;
				CLANG_WARN_RANGE_LOOP_ANALYSIS = YES;
				CLANG_WARN_STRICT_PROTOTYPES = YES;
				CLANG_WARN_SUSPICIOUS_MOVE = YES;
				CLANG_WARN_UNGUARDED_AVAILABILITY = YES_AGGRESSIVE;
				CLANG_WARN_UNREACHABLE_CODE = YES;
				CLANG_WARN__DUPLICATE_METHOD_MATCH = YES;
				COPY_PHASE_STRIP = NO;
				DEBUG_INFORMATION_FORMAT = dwarf;
				ENABLE_STRICT_OBJC_MSGSEND = YES;
				ENABLE_TESTABILITY = YES;
				GCC_C_LANGUAGE_STANDARD = gnu11;
				GCC_DYNAMIC_NO_PIC = NO;
				GCC_NO_COMMON_BLOCKS = YES;
				GCC_OPTIMIZATION_LEVEL = 0;
				GCC_PREPROCESSOR_DEFINITIONS = (
					"DEBUG=1",
					"$(inherited)",
				);
				GCC_WARN_64_TO_32_BIT_CONVERSION = YES;
				GCC_WARN_ABOUT_RETURN_TYPE = YES_ERROR;
				GCC_WARN_UNDECLARED_SELECTOR = YES;
				GCC_WARN_UNINITIALIZED_AUTOS = YES_AGGRESSIVE;
				GCC_WARN_UNUSED_FUNCTION = YES;
				GCC_WARN_UNUSED_VARIABLE = YES;
				IPHONEOS_DEPLOYMENT_TARGET = 14.4;
				MTL_ENABLE_DEBUG_INFO = INCLUDE_SOURCE;
				MTL_FAST_MATH = YES;
				ONLY_ACTIVE_ARCH = YES;
				SDKROOT = iphoneos;
				SWIFT_ACTIVE_COMPILATION_CONDITIONS = DEBUG;
				SWIFT_OPTIMIZATION_LEVEL = "-Onone";
			};
			name = Debug;
		};
		582066E22628129400D3BCCA /* Release */ = {
			isa = XCBuildConfiguration;
			buildSettings = {
				ALWAYS_SEARCH_USER_PATHS = NO;
				CLANG_ANALYZER_NONNULL = YES;
				CLANG_ANALYZER_NUMBER_OBJECT_CONVERSION = YES_AGGRESSIVE;
				CLANG_CXX_LANGUAGE_STANDARD = "gnu++14";
				CLANG_CXX_LIBRARY = "libc++";
				CLANG_ENABLE_MODULES = YES;
				CLANG_ENABLE_OBJC_ARC = YES;
				CLANG_ENABLE_OBJC_WEAK = YES;
				CLANG_WARN_BLOCK_CAPTURE_AUTORELEASING = YES;
				CLANG_WARN_BOOL_CONVERSION = YES;
				CLANG_WARN_COMMA = YES;
				CLANG_WARN_CONSTANT_CONVERSION = YES;
				CLANG_WARN_DEPRECATED_OBJC_IMPLEMENTATIONS = YES;
				CLANG_WARN_DIRECT_OBJC_ISA_USAGE = YES_ERROR;
				CLANG_WARN_DOCUMENTATION_COMMENTS = YES;
				CLANG_WARN_EMPTY_BODY = YES;
				CLANG_WARN_ENUM_CONVERSION = YES;
				CLANG_WARN_INFINITE_RECURSION = YES;
				CLANG_WARN_INT_CONVERSION = YES;
				CLANG_WARN_NON_LITERAL_NULL_CONVERSION = YES;
				CLANG_WARN_OBJC_IMPLICIT_RETAIN_SELF = YES;
				CLANG_WARN_OBJC_LITERAL_CONVERSION = YES;
				CLANG_WARN_OBJC_ROOT_CLASS = YES_ERROR;
				CLANG_WARN_QUOTED_INCLUDE_IN_FRAMEWORK_HEADER = YES;
				CLANG_WARN_RANGE_LOOP_ANALYSIS = YES;
				CLANG_WARN_STRICT_PROTOTYPES = YES;
				CLANG_WARN_SUSPICIOUS_MOVE = YES;
				CLANG_WARN_UNGUARDED_AVAILABILITY = YES_AGGRESSIVE;
				CLANG_WARN_UNREACHABLE_CODE = YES;
				CLANG_WARN__DUPLICATE_METHOD_MATCH = YES;
				COPY_PHASE_STRIP = NO;
				DEBUG_INFORMATION_FORMAT = "dwarf-with-dsym";
				ENABLE_NS_ASSERTIONS = NO;
				ENABLE_STRICT_OBJC_MSGSEND = YES;
				GCC_C_LANGUAGE_STANDARD = gnu11;
				GCC_NO_COMMON_BLOCKS = YES;
				GCC_WARN_64_TO_32_BIT_CONVERSION = YES;
				GCC_WARN_ABOUT_RETURN_TYPE = YES_ERROR;
				GCC_WARN_UNDECLARED_SELECTOR = YES;
				GCC_WARN_UNINITIALIZED_AUTOS = YES_AGGRESSIVE;
				GCC_WARN_UNUSED_FUNCTION = YES;
				GCC_WARN_UNUSED_VARIABLE = YES;
				IPHONEOS_DEPLOYMENT_TARGET = 14.4;
				MTL_ENABLE_DEBUG_INFO = NO;
				MTL_FAST_MATH = YES;
				SDKROOT = iphoneos;
				SWIFT_COMPILATION_MODE = wholemodule;
				SWIFT_OPTIMIZATION_LEVEL = "-O";
				VALIDATE_PRODUCT = YES;
			};
			name = Release;
		};
		582066E42628129400D3BCCA /* Debug */ = {
			isa = XCBuildConfiguration;
			baseConfigurationReference = 6562377B875D8068684ABD5E /* Pods-OrderInnService.debug.xcconfig */;
			buildSettings = {
				ASSETCATALOG_COMPILER_APPICON_NAME = AppIcon;
				ASSETCATALOG_COMPILER_GLOBAL_ACCENT_COLOR_NAME = AccentColor;
				CODE_SIGN_STYLE = Automatic;
				DEVELOPMENT_ASSET_PATHS = "\"OrderInnService/Preview Content\"";
				DEVELOPMENT_TEAM = DQ695RWXNF;
				ENABLE_PREVIEWS = YES;
				INFOPLIST_FILE = OrderInnService/Info.plist;
				IPHONEOS_DEPLOYMENT_TARGET = 14.1;
				LD_RUNPATH_SEARCH_PATHS = (
					"$(inherited)",
					"@executable_path/Frameworks",
				);
				PRODUCT_BUNDLE_IDENTIFIER = com.IvarsRugelis.OrderInnService;
				PRODUCT_NAME = "$(TARGET_NAME)";
				SWIFT_VERSION = 5.0;
				TARGETED_DEVICE_FAMILY = "1,2";
			};
			name = Debug;
		};
		582066E52628129400D3BCCA /* Release */ = {
			isa = XCBuildConfiguration;
			baseConfigurationReference = B74389A744C6D626A6848115 /* Pods-OrderInnService.release.xcconfig */;
			buildSettings = {
				ASSETCATALOG_COMPILER_APPICON_NAME = AppIcon;
				ASSETCATALOG_COMPILER_GLOBAL_ACCENT_COLOR_NAME = AccentColor;
				CODE_SIGN_STYLE = Automatic;
				DEVELOPMENT_ASSET_PATHS = "\"OrderInnService/Preview Content\"";
				DEVELOPMENT_TEAM = DQ695RWXNF;
				ENABLE_PREVIEWS = YES;
				INFOPLIST_FILE = OrderInnService/Info.plist;
				IPHONEOS_DEPLOYMENT_TARGET = 14.1;
				LD_RUNPATH_SEARCH_PATHS = (
					"$(inherited)",
					"@executable_path/Frameworks",
				);
				PRODUCT_BUNDLE_IDENTIFIER = com.IvarsRugelis.OrderInnService;
				PRODUCT_NAME = "$(TARGET_NAME)";
				SWIFT_VERSION = 5.0;
				TARGETED_DEVICE_FAMILY = "1,2";
			};
			name = Release;
		};
/* End XCBuildConfiguration section */

/* Begin XCConfigurationList section */
		582066CF2628129400D3BCCA /* Build configuration list for PBXProject "OrderInnService" */ = {
			isa = XCConfigurationList;
			buildConfigurations = (
				582066E12628129400D3BCCA /* Debug */,
				582066E22628129400D3BCCA /* Release */,
			);
			defaultConfigurationIsVisible = 0;
			defaultConfigurationName = Release;
		};
		582066E32628129400D3BCCA /* Build configuration list for PBXNativeTarget "OrderInnService" */ = {
			isa = XCConfigurationList;
			buildConfigurations = (
				582066E42628129400D3BCCA /* Debug */,
				582066E52628129400D3BCCA /* Release */,
			);
			defaultConfigurationIsVisible = 0;
			defaultConfigurationName = Release;
		};
/* End XCConfigurationList section */
	};
	rootObject = 582066CC2628129400D3BCCA /* Project object */;
}
