// !$*UTF8*$!
{
	archiveVersion = 1;
	classes = {
	};
	objectVersion = 51;
	objects = {

/* Begin PBXBuildFile section */
		5801CC3426A5557E00DD3DEC /* RemovePersonnelView.swift in Sources */ = {isa = PBXBuildFile; fileRef = 5801CC3326A5557E00DD3DEC /* RemovePersonnelView.swift */; };
		5801CC3626A5756200DD3DEC /* RestaurantActiveOrders.swift in Sources */ = {isa = PBXBuildFile; fileRef = 5801CC3526A5756200DD3DEC /* RestaurantActiveOrders.swift */; };
		5801CC3926A5774D00DD3DEC /* ActiveOrders.swift in Sources */ = {isa = PBXBuildFile; fileRef = 5801CC3826A5774D00DD3DEC /* ActiveOrders.swift */; };
		5801CC3C26A580EC00DD3DEC /* ActiveOrderInfoView.swift in Sources */ = {isa = PBXBuildFile; fileRef = 5801CC3B26A580EC00DD3DEC /* ActiveOrderInfoView.swift */; };
		5801CC4426A59F2C00DD3DEC /* PreperedOrderInfo.swift in Sources */ = {isa = PBXBuildFile; fileRef = 5801CC4326A59F2C00DD3DEC /* PreperedOrderInfo.swift */; };
		580506F526296723007CF39B /* Restaurant.swift in Sources */ = {isa = PBXBuildFile; fileRef = 580506F426296723007CF39B /* Restaurant.swift */; };
		580E1E232636D5AA00A16228 /* WaiterTabView.swift in Sources */ = {isa = PBXBuildFile; fileRef = 580E1E222636D5AA00A16228 /* WaiterTabView.swift */; };
		580E1E2D2636D61300A16228 /* ActiveOrderListView.swift in Sources */ = {isa = PBXBuildFile; fileRef = 580E1E2C2636D61300A16228 /* ActiveOrderListView.swift */; };
		580FEE3D26412C07006ED835 /* KitchenOrderListView.swift in Sources */ = {isa = PBXBuildFile; fileRef = 580FEE3C26412C07006ED835 /* KitchenOrderListView.swift */; };
		5811F943262DE4EA00050F2C /* UserDefaultsExtension.swift in Sources */ = {isa = PBXBuildFile; fileRef = 5811F942262DE4EA00050F2C /* UserDefaultsExtension.swift */; };
		5811F946262DE53000050F2C /* LaunchScreen.swift in Sources */ = {isa = PBXBuildFile; fileRef = 5811F945262DE53000050F2C /* LaunchScreen.swift */; };
		581340C926452152003E9BC6 /* KitchenOrderDetailView.swift in Sources */ = {isa = PBXBuildFile; fileRef = 581340C826452152003E9BC6 /* KitchenOrderDetailView.swift */; };
		5813CC5626309EB700924ED9 /* MenuView.swift in Sources */ = {isa = PBXBuildFile; fileRef = 5813CC5526309EB700924ED9 /* MenuView.swift */; };
		5818DF90262DA50000352CE9 /* ActivityIndicatior.swift in Sources */ = {isa = PBXBuildFile; fileRef = 5818DF8F262DA50000352CE9 /* ActivityIndicatior.swift */; };
		582066D82628129400D3BCCA /* OrderInnServiceApp.swift in Sources */ = {isa = PBXBuildFile; fileRef = 582066D72628129400D3BCCA /* OrderInnServiceApp.swift */; };
		582066DA2628129400D3BCCA /* LoginScreen.swift in Sources */ = {isa = PBXBuildFile; fileRef = 582066D92628129400D3BCCA /* LoginScreen.swift */; };
		582066DC2628129400D3BCCA /* Assets.xcassets in Resources */ = {isa = PBXBuildFile; fileRef = 582066DB2628129400D3BCCA /* Assets.xcassets */; };
		582066DF2628129400D3BCCA /* Preview Assets.xcassets in Resources */ = {isa = PBXBuildFile; fileRef = 582066DE2628129400D3BCCA /* Preview Assets.xcassets */; };
		582066E92628166900D3BCCA /* GoogleService-Info.plist in Resources */ = {isa = PBXBuildFile; fileRef = 582066E82628166900D3BCCA /* GoogleService-Info.plist */; };
		583FCE3A269D9CCD006F64ED /* ManagerView.swift in Sources */ = {isa = PBXBuildFile; fileRef = 583FCE39269D9CCD006F64ED /* ManagerView.swift */; };
		585231E5262DA90100826BBC /* ZoneSelectionView.swift in Sources */ = {isa = PBXBuildFile; fileRef = 585231E4262DA90100826BBC /* ZoneSelectionView.swift */; };
		5852BCD12631A4C700E8DC1F /* RestaurantOrder.swift in Sources */ = {isa = PBXBuildFile; fileRef = 5852BCD02631A4C700E8DC1F /* RestaurantOrder.swift */; };
		58F07AA22628218400574D4F /* QRScannerViewController.swift in Sources */ = {isa = PBXBuildFile; fileRef = 58F07AA12628218400574D4F /* QRScannerViewController.swift */; };
		58F07AA52628255200574D4F /* QRScannerView.swift in Sources */ = {isa = PBXBuildFile; fileRef = 58F07AA42628255200574D4F /* QRScannerView.swift */; };
		58F07AA92628274700574D4F /* AlertItem.swift in Sources */ = {isa = PBXBuildFile; fileRef = 58F07AA82628274700574D4F /* AlertItem.swift */; };
		58F07AB026282FE200574D4F /* CutOutView.swift in Sources */ = {isa = PBXBuildFile; fileRef = 58F07AAF26282FE200574D4F /* CutOutView.swift */; };
		58F07AB3262830D400574D4F /* BlurEffect.swift in Sources */ = {isa = PBXBuildFile; fileRef = 58F07AB2262830D400574D4F /* BlurEffect.swift */; };
		58F07AB726284ED500574D4F /* HalfModalView.swift in Sources */ = {isa = PBXBuildFile; fileRef = 58F07AB626284ED500574D4F /* HalfModalView.swift */; };
		58F0D7412632E51F0093B6EA /* OrderCartReviewView.swift in Sources */ = {isa = PBXBuildFile; fileRef = 58F0D7402632E51F0093B6EA /* OrderCartReviewView.swift */; };
		58F2895B26384E6200C973DB /* ActiveOrderDetailView.swift in Sources */ = {isa = PBXBuildFile; fileRef = 58F2895A26384E6200C973DB /* ActiveOrderDetailView.swift */; };
		58F91D71265FB87B0059E71A /* KitchenTabView.swift in Sources */ = {isa = PBXBuildFile; fileRef = 58F91D70265FB87B0059E71A /* KitchenTabView.swift */; };
		58F91D74265FC3000059E71A /* ItemAvailabilityView.swift in Sources */ = {isa = PBXBuildFile; fileRef = 58F91D73265FC3000059E71A /* ItemAvailabilityView.swift */; };
		58FF99B226A158C400A99F38 /* AdminGeneralSelection.swift in Sources */ = {isa = PBXBuildFile; fileRef = 58FF99B126A158C400A99F38 /* AdminGeneralSelection.swift */; };
		58FF99B726A168B700A99F38 /* AddPersonnelView.swift in Sources */ = {isa = PBXBuildFile; fileRef = 58FF99B626A168B700A99F38 /* AddPersonnelView.swift */; };
		691056B926B3132200E1DE6F /* O6NButtonStyle.swift in Sources */ = {isa = PBXBuildFile; fileRef = 691056B826B3132200E1DE6F /* O6NButtonStyle.swift */; };
		69142D44269740E20044D34F /* DebugMenu.swift in Sources */ = {isa = PBXBuildFile; fileRef = 69142D43269740E20044D34F /* DebugMenu.swift */; };
		69142D4A26986EA50044D34F /* SwiftUIExtensions.swift in Sources */ = {isa = PBXBuildFile; fileRef = 69142D4926986EA50044D34F /* SwiftUIExtensions.swift */; };
		69142D4C2698966E0044D34F /* AuthManager.swift in Sources */ = {isa = PBXBuildFile; fileRef = 69142D4B2698966E0044D34F /* AuthManager.swift */; };
		69142D4E2698995E0044D34F /* LoginQRCode.swift in Sources */ = {isa = PBXBuildFile; fileRef = 69142D4D2698995E0044D34F /* LoginQRCode.swift */; };
		695C3DD1269CA6660084E449 /* CombineExtensions.swift in Sources */ = {isa = PBXBuildFile; fileRef = 695C3DD0269CA6660084E449 /* CombineExtensions.swift */; };
		695C3DD5269DCE6D0084E449 /* ModelSupport.swift in Sources */ = {isa = PBXBuildFile; fileRef = 695C3DD4269DCE6D0084E449 /* ModelSupport.swift */; };
		695C3DD7269DD9600084E449 /* FoundationExtensions.swift in Sources */ = {isa = PBXBuildFile; fileRef = 695C3DD6269DD9600084E449 /* FoundationExtensions.swift */; };
		695C3DD9269DE8980084E449 /* RestaurantLayout.swift in Sources */ = {isa = PBXBuildFile; fileRef = 695C3DD8269DE8980084E449 /* RestaurantLayout.swift */; };
		695C3DDB269DE8D90084E449 /* RestaurantMenu.swift in Sources */ = {isa = PBXBuildFile; fileRef = 695C3DDA269DE8D90084E449 /* RestaurantMenu.swift */; };
		69766FCD26B993E900DBD18C /* OrderManager.swift in Sources */ = {isa = PBXBuildFile; fileRef = 69766FCC26B993E900DBD18C /* OrderManager.swift */; };
		69766FE026B99C4600DBD18C /* OrderManager.swift in Sources */ = {isa = PBXBuildFile; fileRef = 69766FCC26B993E900DBD18C /* OrderManager.swift */; };
		69766FE226B99CF000DBD18C /* GoogleService-Info.plist in Resources */ = {isa = PBXBuildFile; fileRef = 582066E82628166900D3BCCA /* GoogleService-Info.plist */; };
		69766FE426B9A0F000DBD18C /* ModelSupport.swift in Sources */ = {isa = PBXBuildFile; fileRef = 695C3DD4269DCE6D0084E449 /* ModelSupport.swift */; };
		69766FE526B9A0F800DBD18C /* RestaurantOrder.swift in Sources */ = {isa = PBXBuildFile; fileRef = 5852BCD02631A4C700E8DC1F /* RestaurantOrder.swift */; };
		69766FE626B9A0F800DBD18C /* Restaurant.swift in Sources */ = {isa = PBXBuildFile; fileRef = 580506F426296723007CF39B /* Restaurant.swift */; };
		69766FE726B9A0F800DBD18C /* RestaurantLayout.swift in Sources */ = {isa = PBXBuildFile; fileRef = 695C3DD8269DE8980084E449 /* RestaurantLayout.swift */; };
		69766FE826B9A0F800DBD18C /* RestaurantMenu.swift in Sources */ = {isa = PBXBuildFile; fileRef = 695C3DDA269DE8D90084E449 /* RestaurantMenu.swift */; };
		69766FE926B9A10100DBD18C /* OrderInnServiceApp.swift in Sources */ = {isa = PBXBuildFile; fileRef = 582066D72628129400D3BCCA /* OrderInnServiceApp.swift */; };
		69766FEA26B9A55F00DBD18C /* UserDefaultsExtension.swift in Sources */ = {isa = PBXBuildFile; fileRef = 5811F942262DE4EA00050F2C /* UserDefaultsExtension.swift */; };
		69766FEC26B9A55F00DBD18C /* CutOutView.swift in Sources */ = {isa = PBXBuildFile; fileRef = 58F07AAF26282FE200574D4F /* CutOutView.swift */; };
		69766FED26B9A55F00DBD18C /* SwiftUIExtensions.swift in Sources */ = {isa = PBXBuildFile; fileRef = 69142D4926986EA50044D34F /* SwiftUIExtensions.swift */; };
		69766FEE26B9A55F00DBD18C /* CombineExtensions.swift in Sources */ = {isa = PBXBuildFile; fileRef = 695C3DD0269CA6660084E449 /* CombineExtensions.swift */; };
		69766FEF26B9A55F00DBD18C /* FoundationExtensions.swift in Sources */ = {isa = PBXBuildFile; fileRef = 695C3DD6269DD9600084E449 /* FoundationExtensions.swift */; };
		69766FF026B9A56800DBD18C /* ActivityIndicatior.swift in Sources */ = {isa = PBXBuildFile; fileRef = 5818DF8F262DA50000352CE9 /* ActivityIndicatior.swift */; };
		69766FF126B9A56800DBD18C /* AlertItem.swift in Sources */ = {isa = PBXBuildFile; fileRef = 58F07AA82628274700574D4F /* AlertItem.swift */; };
		69766FF226B9A56800DBD18C /* O6NButtonStyle.swift in Sources */ = {isa = PBXBuildFile; fileRef = 691056B826B3132200E1DE6F /* O6NButtonStyle.swift */; };
		69766FF326B9A56800DBD18C /* BlurEffect.swift in Sources */ = {isa = PBXBuildFile; fileRef = 58F07AB2262830D400574D4F /* BlurEffect.swift */; };
		69766FF426B9A56800DBD18C /* HalfModalView.swift in Sources */ = {isa = PBXBuildFile; fileRef = 58F07AB626284ED500574D4F /* HalfModalView.swift */; };
		69766FF526B9A57400DBD18C /* AuthManager.swift in Sources */ = {isa = PBXBuildFile; fileRef = 69142D4B2698966E0044D34F /* AuthManager.swift */; };
		69766FF726B9A78800DBD18C /* LoginQRCode.swift in Sources */ = {isa = PBXBuildFile; fileRef = 69142D4D2698995E0044D34F /* LoginQRCode.swift */; };
		69766FFA26BC140200DBD18C /* OrderListCell.swift in Sources */ = {isa = PBXBuildFile; fileRef = 69766FF926BC140100DBD18C /* OrderListCell.swift */; };
		69E0439926CC0731002369FA /* DebugPrint.swift in Sources */ = {isa = PBXBuildFile; fileRef = 69E0439826CC0731002369FA /* DebugPrint.swift */; };
		69FA30EC26C2BF810078FD89 /* OrderDetailView.swift in Sources */ = {isa = PBXBuildFile; fileRef = 69FA30EB26C2BF810078FD89 /* OrderDetailView.swift */; };
		69FA30EF26C54A360078FD89 /* FirestoreSnapshotPublisher.swift in Sources */ = {isa = PBXBuildFile; fileRef = 69FA30EE26C54A360078FD89 /* FirestoreSnapshotPublisher.swift */; };
		69FA30F126C54A7D0078FD89 /* FutureExtensions.swift in Sources */ = {isa = PBXBuildFile; fileRef = 69FA30F026C54A7D0078FD89 /* FutureExtensions.swift */; };
		69FA30F326C54AA30078FD89 /* TypedExtensions.swift in Sources */ = {isa = PBXBuildFile; fileRef = 69FA30F226C54AA30078FD89 /* TypedExtensions.swift */; };
		69FA30F626C5B6130078FD89 /* PopoverHost.swift in Sources */ = {isa = PBXBuildFile; fileRef = 69FA30F526C5B6130078FD89 /* PopoverHost.swift */; };
		8D81E1853CD596EA1AD61F7F /* (null) in Frameworks */ = {isa = PBXBuildFile; };
		B64BE591241ED14AE64DDE46 /* Pods_OrderInnServiceTests.framework in Frameworks */ = {isa = PBXBuildFile; fileRef = AC7AE4945C1CF960FDF68DCB /* Pods_OrderInnServiceTests.framework */; };
		FD19E44F74DCADA16DCE6ADF /* Pods_OrderInnService.framework in Frameworks */ = {isa = PBXBuildFile; fileRef = 9FD8B1A86FB954770527DB16 /* Pods_OrderInnService.framework */; };
/* End PBXBuildFile section */

/* Begin PBXContainerItemProxy section */
		69766FDB26B99C3B00DBD18C /* PBXContainerItemProxy */ = {
			isa = PBXContainerItemProxy;
			containerPortal = 582066CC2628129400D3BCCA /* Project object */;
			proxyType = 1;
			remoteGlobalIDString = 582066D32628129400D3BCCA;
			remoteInfo = OrderInnService;
		};
/* End PBXContainerItemProxy section */

/* Begin PBXFileReference section */
		5801CC3326A5557E00DD3DEC /* RemovePersonnelView.swift */ = {isa = PBXFileReference; lastKnownFileType = sourcecode.swift; path = RemovePersonnelView.swift; sourceTree = "<group>"; };
		5801CC3526A5756200DD3DEC /* RestaurantActiveOrders.swift */ = {isa = PBXFileReference; lastKnownFileType = sourcecode.swift; path = RestaurantActiveOrders.swift; sourceTree = "<group>"; };
		5801CC3826A5774D00DD3DEC /* ActiveOrders.swift */ = {isa = PBXFileReference; lastKnownFileType = sourcecode.swift; path = ActiveOrders.swift; sourceTree = "<group>"; };
		5801CC3B26A580EC00DD3DEC /* ActiveOrderInfoView.swift */ = {isa = PBXFileReference; lastKnownFileType = sourcecode.swift; path = ActiveOrderInfoView.swift; sourceTree = "<group>"; };
		5801CC4326A59F2C00DD3DEC /* PreperedOrderInfo.swift */ = {isa = PBXFileReference; lastKnownFileType = sourcecode.swift; path = PreperedOrderInfo.swift; sourceTree = "<group>"; };
		580506F426296723007CF39B /* Restaurant.swift */ = {isa = PBXFileReference; lastKnownFileType = sourcecode.swift; path = Restaurant.swift; sourceTree = "<group>"; };
		580E1E222636D5AA00A16228 /* WaiterTabView.swift */ = {isa = PBXFileReference; lastKnownFileType = sourcecode.swift; path = WaiterTabView.swift; sourceTree = "<group>"; };
		580E1E2C2636D61300A16228 /* ActiveOrderListView.swift */ = {isa = PBXFileReference; lastKnownFileType = sourcecode.swift; path = ActiveOrderListView.swift; sourceTree = "<group>"; };
		580FEE3C26412C07006ED835 /* KitchenOrderListView.swift */ = {isa = PBXFileReference; lastKnownFileType = sourcecode.swift; path = KitchenOrderListView.swift; sourceTree = "<group>"; };
		5811F942262DE4EA00050F2C /* UserDefaultsExtension.swift */ = {isa = PBXFileReference; lastKnownFileType = sourcecode.swift; path = UserDefaultsExtension.swift; sourceTree = "<group>"; };
		5811F945262DE53000050F2C /* LaunchScreen.swift */ = {isa = PBXFileReference; lastKnownFileType = sourcecode.swift; path = LaunchScreen.swift; sourceTree = "<group>"; };
		581340C826452152003E9BC6 /* KitchenOrderDetailView.swift */ = {isa = PBXFileReference; lastKnownFileType = sourcecode.swift; path = KitchenOrderDetailView.swift; sourceTree = "<group>"; };
		5813CC5526309EB700924ED9 /* MenuView.swift */ = {isa = PBXFileReference; lastKnownFileType = sourcecode.swift; path = MenuView.swift; sourceTree = "<group>"; };
		5818DF8F262DA50000352CE9 /* ActivityIndicatior.swift */ = {isa = PBXFileReference; lastKnownFileType = sourcecode.swift; path = ActivityIndicatior.swift; sourceTree = "<group>"; };
		582066D42628129400D3BCCA /* OrderInnService.app */ = {isa = PBXFileReference; explicitFileType = wrapper.application; includeInIndex = 0; path = OrderInnService.app; sourceTree = BUILT_PRODUCTS_DIR; };
		582066D72628129400D3BCCA /* OrderInnServiceApp.swift */ = {isa = PBXFileReference; lastKnownFileType = sourcecode.swift; path = OrderInnServiceApp.swift; sourceTree = "<group>"; };
		582066D92628129400D3BCCA /* LoginScreen.swift */ = {isa = PBXFileReference; lastKnownFileType = sourcecode.swift; path = LoginScreen.swift; sourceTree = "<group>"; };
		582066DB2628129400D3BCCA /* Assets.xcassets */ = {isa = PBXFileReference; lastKnownFileType = folder.assetcatalog; path = Assets.xcassets; sourceTree = "<group>"; };
		582066DE2628129400D3BCCA /* Preview Assets.xcassets */ = {isa = PBXFileReference; lastKnownFileType = folder.assetcatalog; path = "Preview Assets.xcassets"; sourceTree = "<group>"; };
		582066E02628129400D3BCCA /* Info.plist */ = {isa = PBXFileReference; lastKnownFileType = text.plist.xml; path = Info.plist; sourceTree = "<group>"; };
		582066E82628166900D3BCCA /* GoogleService-Info.plist */ = {isa = PBXFileReference; fileEncoding = 4; lastKnownFileType = text.plist.xml; path = "GoogleService-Info.plist"; sourceTree = "<group>"; };
		583FCE39269D9CCD006F64ED /* ManagerView.swift */ = {isa = PBXFileReference; lastKnownFileType = sourcecode.swift; path = ManagerView.swift; sourceTree = "<group>"; };
		585231E4262DA90100826BBC /* ZoneSelectionView.swift */ = {isa = PBXFileReference; lastKnownFileType = sourcecode.swift; path = ZoneSelectionView.swift; sourceTree = "<group>"; };
		5852BCD02631A4C700E8DC1F /* RestaurantOrder.swift */ = {isa = PBXFileReference; lastKnownFileType = sourcecode.swift; path = RestaurantOrder.swift; sourceTree = "<group>"; };
		58F07AA12628218400574D4F /* QRScannerViewController.swift */ = {isa = PBXFileReference; lastKnownFileType = sourcecode.swift; path = QRScannerViewController.swift; sourceTree = "<group>"; };
		58F07AA42628255200574D4F /* QRScannerView.swift */ = {isa = PBXFileReference; lastKnownFileType = sourcecode.swift; path = QRScannerView.swift; sourceTree = "<group>"; };
		58F07AA82628274700574D4F /* AlertItem.swift */ = {isa = PBXFileReference; lastKnownFileType = sourcecode.swift; path = AlertItem.swift; sourceTree = "<group>"; };
		58F07AAF26282FE200574D4F /* CutOutView.swift */ = {isa = PBXFileReference; lastKnownFileType = sourcecode.swift; path = CutOutView.swift; sourceTree = "<group>"; };
		58F07AB2262830D400574D4F /* BlurEffect.swift */ = {isa = PBXFileReference; lastKnownFileType = sourcecode.swift; path = BlurEffect.swift; sourceTree = "<group>"; };
		58F07AB626284ED500574D4F /* HalfModalView.swift */ = {isa = PBXFileReference; lastKnownFileType = sourcecode.swift; path = HalfModalView.swift; sourceTree = "<group>"; };
		58F0D7402632E51F0093B6EA /* OrderCartReviewView.swift */ = {isa = PBXFileReference; lastKnownFileType = sourcecode.swift; path = OrderCartReviewView.swift; sourceTree = "<group>"; };
		58F2895A26384E6200C973DB /* ActiveOrderDetailView.swift */ = {isa = PBXFileReference; lastKnownFileType = sourcecode.swift; path = ActiveOrderDetailView.swift; sourceTree = "<group>"; };
		58F91D70265FB87B0059E71A /* KitchenTabView.swift */ = {isa = PBXFileReference; lastKnownFileType = sourcecode.swift; path = KitchenTabView.swift; sourceTree = "<group>"; };
		58F91D73265FC3000059E71A /* ItemAvailabilityView.swift */ = {isa = PBXFileReference; lastKnownFileType = sourcecode.swift; path = ItemAvailabilityView.swift; sourceTree = "<group>"; };
		58FF99B126A158C400A99F38 /* AdminGeneralSelection.swift */ = {isa = PBXFileReference; lastKnownFileType = sourcecode.swift; path = AdminGeneralSelection.swift; sourceTree = "<group>"; };
		58FF99B626A168B700A99F38 /* AddPersonnelView.swift */ = {isa = PBXFileReference; lastKnownFileType = sourcecode.swift; path = AddPersonnelView.swift; sourceTree = "<group>"; };
		6562377B875D8068684ABD5E /* Pods-OrderInnService.debug.xcconfig */ = {isa = PBXFileReference; includeInIndex = 1; lastKnownFileType = text.xcconfig; name = "Pods-OrderInnService.debug.xcconfig"; path = "Target Support Files/Pods-OrderInnService/Pods-OrderInnService.debug.xcconfig"; sourceTree = "<group>"; };
		691056B826B3132200E1DE6F /* O6NButtonStyle.swift */ = {isa = PBXFileReference; lastKnownFileType = sourcecode.swift; path = O6NButtonStyle.swift; sourceTree = "<group>"; };
		69142D43269740E20044D34F /* DebugMenu.swift */ = {isa = PBXFileReference; lastKnownFileType = sourcecode.swift; path = DebugMenu.swift; sourceTree = "<group>"; };
		69142D4926986EA50044D34F /* SwiftUIExtensions.swift */ = {isa = PBXFileReference; lastKnownFileType = sourcecode.swift; path = SwiftUIExtensions.swift; sourceTree = "<group>"; };
		69142D4B2698966E0044D34F /* AuthManager.swift */ = {isa = PBXFileReference; lastKnownFileType = sourcecode.swift; path = AuthManager.swift; sourceTree = "<group>"; };
		69142D4D2698995E0044D34F /* LoginQRCode.swift */ = {isa = PBXFileReference; lastKnownFileType = sourcecode.swift; path = LoginQRCode.swift; sourceTree = "<group>"; };
		695C3DD0269CA6660084E449 /* CombineExtensions.swift */ = {isa = PBXFileReference; lastKnownFileType = sourcecode.swift; path = CombineExtensions.swift; sourceTree = "<group>"; };
		695C3DD4269DCE6D0084E449 /* ModelSupport.swift */ = {isa = PBXFileReference; lastKnownFileType = sourcecode.swift; path = ModelSupport.swift; sourceTree = "<group>"; };
		695C3DD6269DD9600084E449 /* FoundationExtensions.swift */ = {isa = PBXFileReference; lastKnownFileType = sourcecode.swift; path = FoundationExtensions.swift; sourceTree = "<group>"; };
		695C3DD8269DE8980084E449 /* RestaurantLayout.swift */ = {isa = PBXFileReference; lastKnownFileType = sourcecode.swift; path = RestaurantLayout.swift; sourceTree = "<group>"; };
		695C3DDA269DE8D90084E449 /* RestaurantMenu.swift */ = {isa = PBXFileReference; lastKnownFileType = sourcecode.swift; path = RestaurantMenu.swift; sourceTree = "<group>"; };
		69766FCC26B993E900DBD18C /* OrderManager.swift */ = {isa = PBXFileReference; lastKnownFileType = sourcecode.swift; path = OrderManager.swift; sourceTree = "<group>"; };
		69766FCE26B999BC00DBD18C /* TestPlan.xctestplan */ = {isa = PBXFileReference; lastKnownFileType = text; path = TestPlan.xctestplan; sourceTree = "<group>"; };
		69766FD726B99C3B00DBD18C /* OrderInnServiceTests.xctest */ = {isa = PBXFileReference; explicitFileType = wrapper.cfbundle; includeInIndex = 0; path = OrderInnServiceTests.xctest; sourceTree = BUILT_PRODUCTS_DIR; };
		69766FF926BC140100DBD18C /* OrderListCell.swift */ = {isa = PBXFileReference; lastKnownFileType = sourcecode.swift; path = OrderListCell.swift; sourceTree = "<group>"; };
		69E0439826CC0731002369FA /* DebugPrint.swift */ = {isa = PBXFileReference; lastKnownFileType = sourcecode.swift; path = DebugPrint.swift; sourceTree = "<group>"; };
		69FA30EB26C2BF810078FD89 /* OrderDetailView.swift */ = {isa = PBXFileReference; lastKnownFileType = sourcecode.swift; path = OrderDetailView.swift; sourceTree = "<group>"; };
		69FA30EE26C54A360078FD89 /* FirestoreSnapshotPublisher.swift */ = {isa = PBXFileReference; lastKnownFileType = sourcecode.swift; path = FirestoreSnapshotPublisher.swift; sourceTree = "<group>"; };
		69FA30F026C54A7D0078FD89 /* FutureExtensions.swift */ = {isa = PBXFileReference; lastKnownFileType = sourcecode.swift; path = FutureExtensions.swift; sourceTree = "<group>"; };
		69FA30F226C54AA30078FD89 /* TypedExtensions.swift */ = {isa = PBXFileReference; lastKnownFileType = sourcecode.swift; path = TypedExtensions.swift; sourceTree = "<group>"; };
		69FA30F526C5B6130078FD89 /* PopoverHost.swift */ = {isa = PBXFileReference; lastKnownFileType = sourcecode.swift; path = PopoverHost.swift; sourceTree = "<group>"; };
		79E3E77C8AD17E641637F661 /* Pods-OrderInnServiceTests.release.xcconfig */ = {isa = PBXFileReference; includeInIndex = 1; lastKnownFileType = text.xcconfig; name = "Pods-OrderInnServiceTests.release.xcconfig"; path = "Target Support Files/Pods-OrderInnServiceTests/Pods-OrderInnServiceTests.release.xcconfig"; sourceTree = "<group>"; };
		991BDBB5F4F5DB2C244FC62A /* Pods-OrderInnServiceTests.debug.xcconfig */ = {isa = PBXFileReference; includeInIndex = 1; lastKnownFileType = text.xcconfig; name = "Pods-OrderInnServiceTests.debug.xcconfig"; path = "Target Support Files/Pods-OrderInnServiceTests/Pods-OrderInnServiceTests.debug.xcconfig"; sourceTree = "<group>"; };
		9FD8B1A86FB954770527DB16 /* Pods_OrderInnService.framework */ = {isa = PBXFileReference; explicitFileType = wrapper.framework; includeInIndex = 0; path = Pods_OrderInnService.framework; sourceTree = BUILT_PRODUCTS_DIR; };
		AC7AE4945C1CF960FDF68DCB /* Pods_OrderInnServiceTests.framework */ = {isa = PBXFileReference; explicitFileType = wrapper.framework; includeInIndex = 0; path = Pods_OrderInnServiceTests.framework; sourceTree = BUILT_PRODUCTS_DIR; };
		B74389A744C6D626A6848115 /* Pods-OrderInnService.release.xcconfig */ = {isa = PBXFileReference; includeInIndex = 1; lastKnownFileType = text.xcconfig; name = "Pods-OrderInnService.release.xcconfig"; path = "Target Support Files/Pods-OrderInnService/Pods-OrderInnService.release.xcconfig"; sourceTree = "<group>"; };
/* End PBXFileReference section */

/* Begin PBXFrameworksBuildPhase section */
		582066D12628129400D3BCCA /* Frameworks */ = {
			isa = PBXFrameworksBuildPhase;
			buildActionMask = 2147483647;
			files = (
				8D81E1853CD596EA1AD61F7F /* (null) in Frameworks */,
				FD19E44F74DCADA16DCE6ADF /* Pods_OrderInnService.framework in Frameworks */,
			);
			runOnlyForDeploymentPostprocessing = 0;
		};
		69766FD426B99C3B00DBD18C /* Frameworks */ = {
			isa = PBXFrameworksBuildPhase;
			buildActionMask = 2147483647;
			files = (
				B64BE591241ED14AE64DDE46 /* Pods_OrderInnServiceTests.framework in Frameworks */,
			);
			runOnlyForDeploymentPostprocessing = 0;
		};
/* End PBXFrameworksBuildPhase section */

/* Begin PBXGroup section */
		2F1CF75E67091DDE4106CB3B /* Frameworks */ = {
			isa = PBXGroup;
			children = (
				AC7AE4945C1CF960FDF68DCB /* Pods_OrderInnServiceTests.framework */,
				9FD8B1A86FB954770527DB16 /* Pods_OrderInnService.framework */,
			);
			name = Frameworks;
			sourceTree = "<group>";
		};
		5801CC3726A5773700DD3DEC /* ActiveOrders */ = {
			isa = PBXGroup;
			children = (
				5801CC3A26A580D400DD3DEC /* ActiveorderInfo */,
				5801CC3526A5756200DD3DEC /* RestaurantActiveOrders.swift */,
				5801CC3826A5774D00DD3DEC /* ActiveOrders.swift */,
			);
			path = ActiveOrders;
			sourceTree = "<group>";
		};
		5801CC3A26A580D400DD3DEC /* ActiveorderInfo */ = {
			isa = PBXGroup;
			children = (
				5801CC3B26A580EC00DD3DEC /* ActiveOrderInfoView.swift */,
				5801CC4326A59F2C00DD3DEC /* PreperedOrderInfo.swift */,
			);
			path = ActiveorderInfo;
			sourceTree = "<group>";
		};
		5801CC3D26A587AA00DD3DEC /* ClosedOrders */ = {
			isa = PBXGroup;
			children = (
			);
			path = ClosedOrders;
			sourceTree = "<group>";
		};
		580506F32629670B007CF39B /* Models */ = {
			isa = PBXGroup;
			children = (
				695C3DD4269DCE6D0084E449 /* ModelSupport.swift */,
				580506F426296723007CF39B /* Restaurant.swift */,
				695C3DD8269DE8980084E449 /* RestaurantLayout.swift */,
				695C3DDA269DE8D90084E449 /* RestaurantMenu.swift */,
				5852BCD02631A4C700E8DC1F /* RestaurantOrder.swift */,
				69766FCC26B993E900DBD18C /* OrderManager.swift */,
			);
			path = Models;
			sourceTree = "<group>";
		};
		580509162629AAEA007CF39B /* Common */ = {
			isa = PBXGroup;
			children = (
				58F07AA82628274700574D4F /* AlertItem.swift */,
				58F07AB626284ED500574D4F /* HalfModalView.swift */,
				58F07AB2262830D400574D4F /* BlurEffect.swift */,
				5818DF8F262DA50000352CE9 /* ActivityIndicatior.swift */,
				691056B826B3132200E1DE6F /* O6NButtonStyle.swift */,
				69766FF926BC140100DBD18C /* OrderListCell.swift */,
				69FA30EB26C2BF810078FD89 /* OrderDetailView.swift */,
			);
			path = Common;
			sourceTree = "<group>";
		};
		580E1E312636DBC300A16228 /* WaiterWorkStation */ = {
			isa = PBXGroup;
			children = (
				580E1E222636D5AA00A16228 /* WaiterTabView.swift */,
				585231E4262DA90100826BBC /* ZoneSelectionView.swift */,
				5813CC5526309EB700924ED9 /* MenuView.swift */,
				58F0D7402632E51F0093B6EA /* OrderCartReviewView.swift */,
				580E1E2C2636D61300A16228 /* ActiveOrderListView.swift */,
				58F2895A26384E6200C973DB /* ActiveOrderDetailView.swift */,
				583FCE36269D9BFC006F64ED /* ManagerControls */,
			);
			path = WaiterWorkStation;
			sourceTree = "<group>";
		};
		580FEE3B26412BF3006ED835 /* OrderPreparation */ = {
			isa = PBXGroup;
			children = (
				581340C2264520D6003E9BC6 /* Kitchen */,
			);
			path = OrderPreparation;
			sourceTree = "<group>";
		};
		581340C2264520D6003E9BC6 /* Kitchen */ = {
			isa = PBXGroup;
			children = (
				58F91D70265FB87B0059E71A /* KitchenTabView.swift */,
				580FEE3C26412C07006ED835 /* KitchenOrderListView.swift */,
				581340C826452152003E9BC6 /* KitchenOrderDetailView.swift */,
				58F91D73265FC3000059E71A /* ItemAvailabilityView.swift */,
			);
			path = Kitchen;
			sourceTree = "<group>";
		};
		5815FA3526A0072B0079D90B /* Admin */ = {
			isa = PBXGroup;
			children = (
				58FF99B126A158C400A99F38 /* AdminGeneralSelection.swift */,
				58FF99B426A1689400A99F38 /* RestaurantInfo */,
				58FF99B326A1688400A99F38 /* PersonnelControlls */,
			);
			path = Admin;
			sourceTree = "<group>";
		};
		582066CB2628129400D3BCCA = {
			isa = PBXGroup;
			children = (
				582066D62628129400D3BCCA /* OrderInnService */,
				582066D52628129400D3BCCA /* Products */,
				63EFB55165DA9DC0E0B1E609 /* Pods */,
				2F1CF75E67091DDE4106CB3B /* Frameworks */,
			);
			sourceTree = "<group>";
		};
		582066D52628129400D3BCCA /* Products */ = {
			isa = PBXGroup;
			children = (
				582066D42628129400D3BCCA /* OrderInnService.app */,
				69766FD726B99C3B00DBD18C /* OrderInnServiceTests.xctest */,
			);
			name = Products;
			sourceTree = "<group>";
		};
		582066D62628129400D3BCCA /* OrderInnService */ = {
			isa = PBXGroup;
			children = (
				582066D72628129400D3BCCA /* OrderInnServiceApp.swift */,
				5811F945262DE53000050F2C /* LaunchScreen.swift */,
				580506F32629670B007CF39B /* Models */,
				69142D42269740A50044D34F /* Debug */,
				580509162629AAEA007CF39B /* Common */,
				5838DB2D262820A2001698D7 /* Login */,
				5815FA3526A0072B0079D90B /* Admin */,
				580E1E312636DBC300A16228 /* WaiterWorkStation */,
				580FEE3B26412BF3006ED835 /* OrderPreparation */,
				58F07AAE26282FC300574D4F /* Extensions */,
				69FA30F426C5B5FC0078FD89 /* Hacks */,
				582066DB2628129400D3BCCA /* Assets.xcassets */,
				582066E02628129400D3BCCA /* Info.plist */,
				582066E82628166900D3BCCA /* GoogleService-Info.plist */,
				582066DD2628129400D3BCCA /* Preview Content */,
				69766FCE26B999BC00DBD18C /* TestPlan.xctestplan */,
			);
			path = OrderInnService;
			sourceTree = "<group>";
		};
		582066DD2628129400D3BCCA /* Preview Content */ = {
			isa = PBXGroup;
			children = (
				582066DE2628129400D3BCCA /* Preview Assets.xcassets */,
			);
			path = "Preview Content";
			sourceTree = "<group>";
		};
		5838DB2D262820A2001698D7 /* Login */ = {
			isa = PBXGroup;
			children = (
				69142D4B2698966E0044D34F /* AuthManager.swift */,
				58F07AA02628215100574D4F /* UIKit Components */,
				582066D92628129400D3BCCA /* LoginScreen.swift */,
				69142D4D2698995E0044D34F /* LoginQRCode.swift */,
			);
			path = Login;
			sourceTree = "<group>";
		};
		583FCE36269D9BFC006F64ED /* ManagerControls */ = {
			isa = PBXGroup;
			children = (
				583FCE39269D9CCD006F64ED /* ManagerView.swift */,
			);
			path = ManagerControls;
			sourceTree = "<group>";
		};
		58F07AA02628215100574D4F /* UIKit Components */ = {
			isa = PBXGroup;
			children = (
				58F07AA12628218400574D4F /* QRScannerViewController.swift */,
				58F07AA42628255200574D4F /* QRScannerView.swift */,
			);
			path = "UIKit Components";
			sourceTree = "<group>";
		};
		58F07AAE26282FC300574D4F /* Extensions */ = {
			isa = PBXGroup;
			children = (
				69FA30ED26C54A1B0078FD89 /* Firestore */,
				58F07AAF26282FE200574D4F /* CutOutView.swift */,
				5811F942262DE4EA00050F2C /* UserDefaultsExtension.swift */,
				69142D4926986EA50044D34F /* SwiftUIExtensions.swift */,
				695C3DD0269CA6660084E449 /* CombineExtensions.swift */,
				695C3DD6269DD9600084E449 /* FoundationExtensions.swift */,
			);
			path = Extensions;
			sourceTree = "<group>";
		};
		58FF99B326A1688400A99F38 /* PersonnelControlls */ = {
			isa = PBXGroup;
			children = (
				58FF99B626A168B700A99F38 /* AddPersonnelView.swift */,
				5801CC3326A5557E00DD3DEC /* RemovePersonnelView.swift */,
			);
			path = PersonnelControlls;
			sourceTree = "<group>";
		};
		58FF99B426A1689400A99F38 /* RestaurantInfo */ = {
			isa = PBXGroup;
			children = (
				5801CC3D26A587AA00DD3DEC /* ClosedOrders */,
				5801CC3726A5773700DD3DEC /* ActiveOrders */,
			);
			path = RestaurantInfo;
			sourceTree = "<group>";
		};
		63EFB55165DA9DC0E0B1E609 /* Pods */ = {
			isa = PBXGroup;
			children = (
				6562377B875D8068684ABD5E /* Pods-OrderInnService.debug.xcconfig */,
				B74389A744C6D626A6848115 /* Pods-OrderInnService.release.xcconfig */,
				991BDBB5F4F5DB2C244FC62A /* Pods-OrderInnServiceTests.debug.xcconfig */,
				79E3E77C8AD17E641637F661 /* Pods-OrderInnServiceTests.release.xcconfig */,
			);
			path = Pods;
			sourceTree = "<group>";
		};
		69142D42269740A50044D34F /* Debug */ = {
			isa = PBXGroup;
			children = (
				69142D43269740E20044D34F /* DebugMenu.swift */,
				69E0439826CC0731002369FA /* DebugPrint.swift */,
			);
			path = Debug;
			sourceTree = "<group>";
		};
		69FA30ED26C54A1B0078FD89 /* Firestore */ = {
			isa = PBXGroup;
			children = (
				69FA30F026C54A7D0078FD89 /* FutureExtensions.swift */,
				69FA30EE26C54A360078FD89 /* FirestoreSnapshotPublisher.swift */,
				69FA30F226C54AA30078FD89 /* TypedExtensions.swift */,
			);
			path = Firestore;
			sourceTree = "<group>";
		};
		69FA30F426C5B5FC0078FD89 /* Hacks */ = {
			isa = PBXGroup;
			children = (
				69FA30F526C5B6130078FD89 /* PopoverHost.swift */,
			);
			path = Hacks;
			sourceTree = "<group>";
		};
/* End PBXGroup section */

/* Begin PBXNativeTarget section */
		582066D32628129400D3BCCA /* OrderInnService */ = {
			isa = PBXNativeTarget;
			buildConfigurationList = 582066E32628129400D3BCCA /* Build configuration list for PBXNativeTarget "OrderInnService" */;
			buildPhases = (
				9547EC8B8447574559AE224C /* [CP] Check Pods Manifest.lock */,
				582066D02628129400D3BCCA /* Sources */,
				582066D12628129400D3BCCA /* Frameworks */,
				582066D22628129400D3BCCA /* Resources */,
				6F8B05F345696D28FA8B7C3E /* [CP] Embed Pods Frameworks */,
			);
			buildRules = (
			);
			dependencies = (
			);
			name = OrderInnService;
			productName = OrderInnService;
			productReference = 582066D42628129400D3BCCA /* OrderInnService.app */;
			productType = "com.apple.product-type.application";
		};
		69766FD626B99C3B00DBD18C /* OrderInnServiceTests */ = {
			isa = PBXNativeTarget;
			buildConfigurationList = 69766FDD26B99C3B00DBD18C /* Build configuration list for PBXNativeTarget "OrderInnServiceTests" */;
			buildPhases = (
				7C24C9EB5982C06FA5F2B844 /* [CP] Check Pods Manifest.lock */,
				69766FD326B99C3B00DBD18C /* Sources */,
				69766FD426B99C3B00DBD18C /* Frameworks */,
				69766FD526B99C3B00DBD18C /* Resources */,
			);
			buildRules = (
			);
			dependencies = (
				69766FDC26B99C3B00DBD18C /* PBXTargetDependency */,
			);
			name = OrderInnServiceTests;
			productName = OrderInnServiceTests;
			productReference = 69766FD726B99C3B00DBD18C /* OrderInnServiceTests.xctest */;
			productType = "com.apple.product-type.bundle.unit-test";
		};
/* End PBXNativeTarget section */

/* Begin PBXProject section */
		582066CC2628129400D3BCCA /* Project object */ = {
			isa = PBXProject;
			attributes = {
				LastSwiftUpdateCheck = 1300;
				LastUpgradeCheck = 1240;
				TargetAttributes = {
					582066D32628129400D3BCCA = {
						CreatedOnToolsVersion = 12.4;
					};
					69766FD626B99C3B00DBD18C = {
						CreatedOnToolsVersion = 13.0;
						TestTargetID = 582066D32628129400D3BCCA;
					};
				};
			};
			buildConfigurationList = 582066CF2628129400D3BCCA /* Build configuration list for PBXProject "OrderInnService" */;
			compatibilityVersion = "Xcode 9.3";
			developmentRegion = en;
			hasScannedForEncodings = 0;
			knownRegions = (
				en,
				Base,
			);
			mainGroup = 582066CB2628129400D3BCCA;
			productRefGroup = 582066D52628129400D3BCCA /* Products */;
			projectDirPath = "";
			projectRoot = "";
			targets = (
				582066D32628129400D3BCCA /* OrderInnService */,
				69766FD626B99C3B00DBD18C /* OrderInnServiceTests */,
			);
		};
/* End PBXProject section */

/* Begin PBXResourcesBuildPhase section */
		582066D22628129400D3BCCA /* Resources */ = {
			isa = PBXResourcesBuildPhase;
			buildActionMask = 2147483647;
			files = (
				582066DF2628129400D3BCCA /* Preview Assets.xcassets in Resources */,
				582066DC2628129400D3BCCA /* Assets.xcassets in Resources */,
				582066E92628166900D3BCCA /* GoogleService-Info.plist in Resources */,
			);
			runOnlyForDeploymentPostprocessing = 0;
		};
		69766FD526B99C3B00DBD18C /* Resources */ = {
			isa = PBXResourcesBuildPhase;
			buildActionMask = 2147483647;
			files = (
				69766FE226B99CF000DBD18C /* GoogleService-Info.plist in Resources */,
			);
			runOnlyForDeploymentPostprocessing = 0;
		};
/* End PBXResourcesBuildPhase section */

/* Begin PBXShellScriptBuildPhase section */
		6F8B05F345696D28FA8B7C3E /* [CP] Embed Pods Frameworks */ = {
			isa = PBXShellScriptBuildPhase;
			buildActionMask = 2147483647;
			files = (
			);
			inputFileListPaths = (
				"${PODS_ROOT}/Target Support Files/Pods-OrderInnService/Pods-OrderInnService-frameworks-${CONFIGURATION}-input-files.xcfilelist",
			);
			name = "[CP] Embed Pods Frameworks";
			outputFileListPaths = (
				"${PODS_ROOT}/Target Support Files/Pods-OrderInnService/Pods-OrderInnService-frameworks-${CONFIGURATION}-output-files.xcfilelist",
			);
			runOnlyForDeploymentPostprocessing = 0;
			shellPath = /bin/sh;
			shellScript = "\"${PODS_ROOT}/Target Support Files/Pods-OrderInnService/Pods-OrderInnService-frameworks.sh\"\n";
			showEnvVarsInLog = 0;
		};
		7C24C9EB5982C06FA5F2B844 /* [CP] Check Pods Manifest.lock */ = {
			isa = PBXShellScriptBuildPhase;
			buildActionMask = 2147483647;
			files = (
			);
			inputFileListPaths = (
			);
			inputPaths = (
				"${PODS_PODFILE_DIR_PATH}/Podfile.lock",
				"${PODS_ROOT}/Manifest.lock",
			);
			name = "[CP] Check Pods Manifest.lock";
			outputFileListPaths = (
			);
			outputPaths = (
				"$(DERIVED_FILE_DIR)/Pods-OrderInnServiceTests-checkManifestLockResult.txt",
			);
			runOnlyForDeploymentPostprocessing = 0;
			shellPath = /bin/sh;
			shellScript = "diff \"${PODS_PODFILE_DIR_PATH}/Podfile.lock\" \"${PODS_ROOT}/Manifest.lock\" > /dev/null\nif [ $? != 0 ] ; then\n    # print error to STDERR\n    echo \"error: The sandbox is not in sync with the Podfile.lock. Run 'pod install' or update your CocoaPods installation.\" >&2\n    exit 1\nfi\n# This output is used by Xcode 'outputs' to avoid re-running this script phase.\necho \"SUCCESS\" > \"${SCRIPT_OUTPUT_FILE_0}\"\n";
			showEnvVarsInLog = 0;
		};
		9547EC8B8447574559AE224C /* [CP] Check Pods Manifest.lock */ = {
			isa = PBXShellScriptBuildPhase;
			buildActionMask = 2147483647;
			files = (
			);
			inputFileListPaths = (
			);
			inputPaths = (
				"${PODS_PODFILE_DIR_PATH}/Podfile.lock",
				"${PODS_ROOT}/Manifest.lock",
			);
			name = "[CP] Check Pods Manifest.lock";
			outputFileListPaths = (
			);
			outputPaths = (
				"$(DERIVED_FILE_DIR)/Pods-OrderInnService-checkManifestLockResult.txt",
			);
			runOnlyForDeploymentPostprocessing = 0;
			shellPath = /bin/sh;
			shellScript = "diff \"${PODS_PODFILE_DIR_PATH}/Podfile.lock\" \"${PODS_ROOT}/Manifest.lock\" > /dev/null\nif [ $? != 0 ] ; then\n    # print error to STDERR\n    echo \"error: The sandbox is not in sync with the Podfile.lock. Run 'pod install' or update your CocoaPods installation.\" >&2\n    exit 1\nfi\n# This output is used by Xcode 'outputs' to avoid re-running this script phase.\necho \"SUCCESS\" > \"${SCRIPT_OUTPUT_FILE_0}\"\n";
			showEnvVarsInLog = 0;
		};
/* End PBXShellScriptBuildPhase section */

/* Begin PBXSourcesBuildPhase section */
		582066D02628129400D3BCCA /* Sources */ = {
			isa = PBXSourcesBuildPhase;
			buildActionMask = 2147483647;
			files = (
				695C3DD7269DD9600084E449 /* FoundationExtensions.swift in Sources */,
				691056B926B3132200E1DE6F /* O6NButtonStyle.swift in Sources */,
				58F91D71265FB87B0059E71A /* KitchenTabView.swift in Sources */,
				5813CC5626309EB700924ED9 /* MenuView.swift in Sources */,
				69766FCD26B993E900DBD18C /* OrderManager.swift in Sources */,
				580E1E232636D5AA00A16228 /* WaiterTabView.swift in Sources */,
				5801CC3626A5756200DD3DEC /* RestaurantActiveOrders.swift in Sources */,
				5818DF90262DA50000352CE9 /* ActivityIndicatior.swift in Sources */,
				58F07AA22628218400574D4F /* QRScannerViewController.swift in Sources */,
				69142D4C2698966E0044D34F /* AuthManager.swift in Sources */,
				5801CC4426A59F2C00DD3DEC /* PreperedOrderInfo.swift in Sources */,
				581340C926452152003E9BC6 /* KitchenOrderDetailView.swift in Sources */,
				583FCE3A269D9CCD006F64ED /* ManagerView.swift in Sources */,
				69766FFA26BC140200DBD18C /* OrderListCell.swift in Sources */,
				5801CC3426A5557E00DD3DEC /* RemovePersonnelView.swift in Sources */,
				69E0439926CC0731002369FA /* DebugPrint.swift in Sources */,
				585231E5262DA90100826BBC /* ZoneSelectionView.swift in Sources */,
				695C3DD9269DE8980084E449 /* RestaurantLayout.swift in Sources */,
				695C3DDB269DE8D90084E449 /* RestaurantMenu.swift in Sources */,
				69142D44269740E20044D34F /* DebugMenu.swift in Sources */,
				58F07AB726284ED500574D4F /* HalfModalView.swift in Sources */,
				5801CC3926A5774D00DD3DEC /* ActiveOrders.swift in Sources */,
				69FA30EF26C54A360078FD89 /* FirestoreSnapshotPublisher.swift in Sources */,
				5811F946262DE53000050F2C /* LaunchScreen.swift in Sources */,
				69FA30EC26C2BF810078FD89 /* OrderDetailView.swift in Sources */,
				69142D4E2698995E0044D34F /* LoginQRCode.swift in Sources */,
				580506F526296723007CF39B /* Restaurant.swift in Sources */,
				69142D4A26986EA50044D34F /* SwiftUIExtensions.swift in Sources */,
				58F07AA52628255200574D4F /* QRScannerView.swift in Sources */,
				582066DA2628129400D3BCCA /* LoginScreen.swift in Sources */,
				5801CC3C26A580EC00DD3DEC /* ActiveOrderInfoView.swift in Sources */,
				580E1E2D2636D61300A16228 /* ActiveOrderListView.swift in Sources */,
				5852BCD12631A4C700E8DC1F /* RestaurantOrder.swift in Sources */,
				695C3DD1269CA6660084E449 /* CombineExtensions.swift in Sources */,
				58FF99B726A168B700A99F38 /* AddPersonnelView.swift in Sources */,
				58F91D74265FC3000059E71A /* ItemAvailabilityView.swift in Sources */,
				69FA30F326C54AA30078FD89 /* TypedExtensions.swift in Sources */,
				69FA30F626C5B6130078FD89 /* PopoverHost.swift in Sources */,
				58F0D7412632E51F0093B6EA /* OrderCartReviewView.swift in Sources */,
				58F2895B26384E6200C973DB /* ActiveOrderDetailView.swift in Sources */,
				5811F943262DE4EA00050F2C /* UserDefaultsExtension.swift in Sources */,
				58F07AA92628274700574D4F /* AlertItem.swift in Sources */,
				58F07AB3262830D400574D4F /* BlurEffect.swift in Sources */,
				58FF99B226A158C400A99F38 /* AdminGeneralSelection.swift in Sources */,
				580FEE3D26412C07006ED835 /* KitchenOrderListView.swift in Sources */,
				69FA30F126C54A7D0078FD89 /* FutureExtensions.swift in Sources */,
				695C3DD5269DCE6D0084E449 /* ModelSupport.swift in Sources */,
				582066D82628129400D3BCCA /* OrderInnServiceApp.swift in Sources */,
				58F07AB026282FE200574D4F /* CutOutView.swift in Sources */,
			);
			runOnlyForDeploymentPostprocessing = 0;
		};
		69766FD326B99C3B00DBD18C /* Sources */ = {
			isa = PBXSourcesBuildPhase;
			buildActionMask = 2147483647;
			files = (
				69766FF026B9A56800DBD18C /* ActivityIndicatior.swift in Sources */,
				69766FF426B9A56800DBD18C /* HalfModalView.swift in Sources */,
				69766FE626B9A0F800DBD18C /* Restaurant.swift in Sources */,
				69766FEF26B9A55F00DBD18C /* FoundationExtensions.swift in Sources */,
				69766FF326B9A56800DBD18C /* BlurEffect.swift in Sources */,
				69766FE926B9A10100DBD18C /* OrderInnServiceApp.swift in Sources */,
				69766FEA26B9A55F00DBD18C /* UserDefaultsExtension.swift in Sources */,
				69766FEE26B9A55F00DBD18C /* CombineExtensions.swift in Sources */,
				69766FE526B9A0F800DBD18C /* RestaurantOrder.swift in Sources */,
				69766FF726B9A78800DBD18C /* LoginQRCode.swift in Sources */,
				69766FED26B9A55F00DBD18C /* SwiftUIExtensions.swift in Sources */,
				69766FE726B9A0F800DBD18C /* RestaurantLayout.swift in Sources */,
				69766FEC26B9A55F00DBD18C /* CutOutView.swift in Sources */,
				69766FE026B99C4600DBD18C /* OrderManager.swift in Sources */,
				69766FF526B9A57400DBD18C /* AuthManager.swift in Sources */,
				69766FE426B9A0F000DBD18C /* ModelSupport.swift in Sources */,
				69766FF126B9A56800DBD18C /* AlertItem.swift in Sources */,
				69766FE826B9A0F800DBD18C /* RestaurantMenu.swift in Sources */,
				69766FF226B9A56800DBD18C /* O6NButtonStyle.swift in Sources */,
			);
			runOnlyForDeploymentPostprocessing = 0;
		};
/* End PBXSourcesBuildPhase section */

/* Begin PBXTargetDependency section */
		69766FDC26B99C3B00DBD18C /* PBXTargetDependency */ = {
			isa = PBXTargetDependency;
			target = 582066D32628129400D3BCCA /* OrderInnService */;
			targetProxy = 69766FDB26B99C3B00DBD18C /* PBXContainerItemProxy */;
		};
/* End PBXTargetDependency section */

/* Begin XCBuildConfiguration section */
		582066E12628129400D3BCCA /* Debug */ = {
			isa = XCBuildConfiguration;
			buildSettings = {
				ALWAYS_SEARCH_USER_PATHS = NO;
				CLANG_ANALYZER_NONNULL = YES;
				CLANG_ANALYZER_NUMBER_OBJECT_CONVERSION = YES_AGGRESSIVE;
				CLANG_CXX_LANGUAGE_STANDARD = "gnu++14";
				CLANG_CXX_LIBRARY = "libc++";
				CLANG_ENABLE_MODULES = YES;
				CLANG_ENABLE_OBJC_ARC = YES;
				CLANG_ENABLE_OBJC_WEAK = YES;
				CLANG_WARN_BLOCK_CAPTURE_AUTORELEASING = YES;
				CLANG_WARN_BOOL_CONVERSION = YES;
				CLANG_WARN_COMMA = YES;
				CLANG_WARN_CONSTANT_CONVERSION = YES;
				CLANG_WARN_DEPRECATED_OBJC_IMPLEMENTATIONS = YES;
				CLANG_WARN_DIRECT_OBJC_ISA_USAGE = YES_ERROR;
				CLANG_WARN_DOCUMENTATION_COMMENTS = YES;
				CLANG_WARN_EMPTY_BODY = YES;
				CLANG_WARN_ENUM_CONVERSION = YES;
				CLANG_WARN_INFINITE_RECURSION = YES;
				CLANG_WARN_INT_CONVERSION = YES;
				CLANG_WARN_NON_LITERAL_NULL_CONVERSION = YES;
				CLANG_WARN_OBJC_IMPLICIT_RETAIN_SELF = YES;
				CLANG_WARN_OBJC_LITERAL_CONVERSION = YES;
				CLANG_WARN_OBJC_ROOT_CLASS = YES_ERROR;
				CLANG_WARN_QUOTED_INCLUDE_IN_FRAMEWORK_HEADER = YES;
				CLANG_WARN_RANGE_LOOP_ANALYSIS = YES;
				CLANG_WARN_STRICT_PROTOTYPES = YES;
				CLANG_WARN_SUSPICIOUS_MOVE = YES;
				CLANG_WARN_UNGUARDED_AVAILABILITY = YES_AGGRESSIVE;
				CLANG_WARN_UNREACHABLE_CODE = YES;
				CLANG_WARN__DUPLICATE_METHOD_MATCH = YES;
				COPY_PHASE_STRIP = NO;
				DEBUG_INFORMATION_FORMAT = dwarf;
				ENABLE_STRICT_OBJC_MSGSEND = YES;
				ENABLE_TESTABILITY = YES;
				GCC_C_LANGUAGE_STANDARD = gnu11;
				GCC_DYNAMIC_NO_PIC = NO;
				GCC_NO_COMMON_BLOCKS = YES;
				GCC_OPTIMIZATION_LEVEL = 0;
				GCC_PREPROCESSOR_DEFINITIONS = (
					"DEBUG=1",
					"$(inherited)",
				);
				GCC_WARN_64_TO_32_BIT_CONVERSION = YES;
				GCC_WARN_ABOUT_RETURN_TYPE = YES_ERROR;
				GCC_WARN_UNDECLARED_SELECTOR = YES;
				GCC_WARN_UNINITIALIZED_AUTOS = YES_AGGRESSIVE;
				GCC_WARN_UNUSED_FUNCTION = YES;
				GCC_WARN_UNUSED_VARIABLE = YES;
				IPHONEOS_DEPLOYMENT_TARGET = 14.4;
				MTL_ENABLE_DEBUG_INFO = INCLUDE_SOURCE;
				MTL_FAST_MATH = YES;
				ONLY_ACTIVE_ARCH = YES;
				SDKROOT = iphoneos;
				SWIFT_ACTIVE_COMPILATION_CONDITIONS = DEBUG;
				SWIFT_OPTIMIZATION_LEVEL = "-Onone";
			};
			name = Debug;
		};
		582066E22628129400D3BCCA /* Release */ = {
			isa = XCBuildConfiguration;
			buildSettings = {
				ALWAYS_SEARCH_USER_PATHS = NO;
				CLANG_ANALYZER_NONNULL = YES;
				CLANG_ANALYZER_NUMBER_OBJECT_CONVERSION = YES_AGGRESSIVE;
				CLANG_CXX_LANGUAGE_STANDARD = "gnu++14";
				CLANG_CXX_LIBRARY = "libc++";
				CLANG_ENABLE_MODULES = YES;
				CLANG_ENABLE_OBJC_ARC = YES;
				CLANG_ENABLE_OBJC_WEAK = YES;
				CLANG_WARN_BLOCK_CAPTURE_AUTORELEASING = YES;
				CLANG_WARN_BOOL_CONVERSION = YES;
				CLANG_WARN_COMMA = YES;
				CLANG_WARN_CONSTANT_CONVERSION = YES;
				CLANG_WARN_DEPRECATED_OBJC_IMPLEMENTATIONS = YES;
				CLANG_WARN_DIRECT_OBJC_ISA_USAGE = YES_ERROR;
				CLANG_WARN_DOCUMENTATION_COMMENTS = YES;
				CLANG_WARN_EMPTY_BODY = YES;
				CLANG_WARN_ENUM_CONVERSION = YES;
				CLANG_WARN_INFINITE_RECURSION = YES;
				CLANG_WARN_INT_CONVERSION = YES;
				CLANG_WARN_NON_LITERAL_NULL_CONVERSION = YES;
				CLANG_WARN_OBJC_IMPLICIT_RETAIN_SELF = YES;
				CLANG_WARN_OBJC_LITERAL_CONVERSION = YES;
				CLANG_WARN_OBJC_ROOT_CLASS = YES_ERROR;
				CLANG_WARN_QUOTED_INCLUDE_IN_FRAMEWORK_HEADER = YES;
				CLANG_WARN_RANGE_LOOP_ANALYSIS = YES;
				CLANG_WARN_STRICT_PROTOTYPES = YES;
				CLANG_WARN_SUSPICIOUS_MOVE = YES;
				CLANG_WARN_UNGUARDED_AVAILABILITY = YES_AGGRESSIVE;
				CLANG_WARN_UNREACHABLE_CODE = YES;
				CLANG_WARN__DUPLICATE_METHOD_MATCH = YES;
				COPY_PHASE_STRIP = NO;
				DEBUG_INFORMATION_FORMAT = "dwarf-with-dsym";
				ENABLE_NS_ASSERTIONS = NO;
				ENABLE_STRICT_OBJC_MSGSEND = YES;
				GCC_C_LANGUAGE_STANDARD = gnu11;
				GCC_NO_COMMON_BLOCKS = YES;
				GCC_WARN_64_TO_32_BIT_CONVERSION = YES;
				GCC_WARN_ABOUT_RETURN_TYPE = YES_ERROR;
				GCC_WARN_UNDECLARED_SELECTOR = YES;
				GCC_WARN_UNINITIALIZED_AUTOS = YES_AGGRESSIVE;
				GCC_WARN_UNUSED_FUNCTION = YES;
				GCC_WARN_UNUSED_VARIABLE = YES;
				IPHONEOS_DEPLOYMENT_TARGET = 14.4;
				MTL_ENABLE_DEBUG_INFO = NO;
				MTL_FAST_MATH = YES;
				SDKROOT = iphoneos;
				SWIFT_COMPILATION_MODE = wholemodule;
				SWIFT_OPTIMIZATION_LEVEL = "-O";
				VALIDATE_PRODUCT = YES;
			};
			name = Release;
		};
		582066E42628129400D3BCCA /* Debug */ = {
			isa = XCBuildConfiguration;
			baseConfigurationReference = 6562377B875D8068684ABD5E /* Pods-OrderInnService.debug.xcconfig */;
			buildSettings = {
				ASSETCATALOG_COMPILER_APPICON_NAME = AppIcon;
				ASSETCATALOG_COMPILER_GLOBAL_ACCENT_COLOR_NAME = AccentColor;
				CODE_SIGN_STYLE = Automatic;
				DEVELOPMENT_ASSET_PATHS = "\"OrderInnService/Preview Content\"";
				DEVELOPMENT_TEAM = DQ695RWXNF;
				ENABLE_PREVIEWS = YES;
				INFOPLIST_FILE = OrderInnService/Info.plist;
				IPHONEOS_DEPLOYMENT_TARGET = 14.1;
				LD_RUNPATH_SEARCH_PATHS = (
					"$(inherited)",
					"@executable_path/Frameworks",
				);
				PRODUCT_BUNDLE_IDENTIFIER = com.IvarsRugelis.OrderInnService;
				PRODUCT_NAME = "$(TARGET_NAME)";
				SWIFT_VERSION = 5.0;
				TARGETED_DEVICE_FAMILY = "1,2";
			};
			name = Debug;
		};
		582066E52628129400D3BCCA /* Release */ = {
			isa = XCBuildConfiguration;
			baseConfigurationReference = B74389A744C6D626A6848115 /* Pods-OrderInnService.release.xcconfig */;
			buildSettings = {
				ASSETCATALOG_COMPILER_APPICON_NAME = AppIcon;
				ASSETCATALOG_COMPILER_GLOBAL_ACCENT_COLOR_NAME = AccentColor;
				CODE_SIGN_STYLE = Automatic;
				DEVELOPMENT_ASSET_PATHS = "\"OrderInnService/Preview Content\"";
				DEVELOPMENT_TEAM = DQ695RWXNF;
				ENABLE_PREVIEWS = YES;
				INFOPLIST_FILE = OrderInnService/Info.plist;
				IPHONEOS_DEPLOYMENT_TARGET = 14.1;
				LD_RUNPATH_SEARCH_PATHS = (
					"$(inherited)",
					"@executable_path/Frameworks",
				);
				PRODUCT_BUNDLE_IDENTIFIER = com.IvarsRugelis.OrderInnService;
				PRODUCT_NAME = "$(TARGET_NAME)";
				SWIFT_VERSION = 5.0;
				TARGETED_DEVICE_FAMILY = "1,2";
			};
			name = Release;
		};
		69766FDE26B99C3B00DBD18C /* Debug */ = {
			isa = XCBuildConfiguration;
			baseConfigurationReference = 991BDBB5F4F5DB2C244FC62A /* Pods-OrderInnServiceTests.debug.xcconfig */;
			buildSettings = {
				BUNDLE_LOADER = "$(TEST_HOST)";
				CODE_SIGN_STYLE = Automatic;
				CURRENT_PROJECT_VERSION = 1;
				DEVELOPMENT_TEAM = DQ695RWXNF;
				GENERATE_INFOPLIST_FILE = YES;
				IPHONEOS_DEPLOYMENT_TARGET = 15.0;
				LD_RUNPATH_SEARCH_PATHS = (
					"$(inherited)",
					"@executable_path/Frameworks",
					"@loader_path/Frameworks",
				);
				MARKETING_VERSION = 1.0;
				PRODUCT_BUNDLE_IDENTIFIER = com.IvarsRugelis.OrderInnService.OrderInnServiceTests;
				PRODUCT_NAME = "$(TARGET_NAME)";
				SWIFT_ACTIVE_COMPILATION_CONDITIONS = "DEBUG O6N_TEST";
				SWIFT_EMIT_LOC_STRINGS = NO;
				SWIFT_VERSION = 5.0;
				TARGETED_DEVICE_FAMILY = "1,2";
				TEST_HOST = "$(BUILT_PRODUCTS_DIR)/OrderInnService.app/OrderInnService";
			};
			name = Debug;
		};
		69766FDF26B99C3B00DBD18C /* Release */ = {
			isa = XCBuildConfiguration;
			baseConfigurationReference = 79E3E77C8AD17E641637F661 /* Pods-OrderInnServiceTests.release.xcconfig */;
			buildSettings = {
				BUNDLE_LOADER = "$(TEST_HOST)";
				CODE_SIGN_STYLE = Automatic;
				CURRENT_PROJECT_VERSION = 1;
				DEVELOPMENT_TEAM = DQ695RWXNF;
				GENERATE_INFOPLIST_FILE = YES;
				IPHONEOS_DEPLOYMENT_TARGET = 15.0;
				LD_RUNPATH_SEARCH_PATHS = (
					"$(inherited)",
					"@executable_path/Frameworks",
					"@loader_path/Frameworks",
				);
				MARKETING_VERSION = 1.0;
				PRODUCT_BUNDLE_IDENTIFIER = com.IvarsRugelis.OrderInnService.OrderInnServiceTests;
				PRODUCT_NAME = "$(TARGET_NAME)";
				SWIFT_ACTIVE_COMPILATION_CONDITIONS = O6N_TEST;
				SWIFT_EMIT_LOC_STRINGS = NO;
				SWIFT_VERSION = 5.0;
				TARGETED_DEVICE_FAMILY = "1,2";
				TEST_HOST = "$(BUILT_PRODUCTS_DIR)/OrderInnService.app/OrderInnService";
			};
			name = Release;
		};
/* End XCBuildConfiguration section */

/* Begin XCConfigurationList section */
		582066CF2628129400D3BCCA /* Build configuration list for PBXProject "OrderInnService" */ = {
			isa = XCConfigurationList;
			buildConfigurations = (
				582066E12628129400D3BCCA /* Debug */,
				582066E22628129400D3BCCA /* Release */,
			);
			defaultConfigurationIsVisible = 0;
			defaultConfigurationName = Release;
		};
		582066E32628129400D3BCCA /* Build configuration list for PBXNativeTarget "OrderInnService" */ = {
			isa = XCConfigurationList;
			buildConfigurations = (
				582066E42628129400D3BCCA /* Debug */,
				582066E52628129400D3BCCA /* Release */,
			);
			defaultConfigurationIsVisible = 0;
			defaultConfigurationName = Release;
		};
		69766FDD26B99C3B00DBD18C /* Build configuration list for PBXNativeTarget "OrderInnServiceTests" */ = {
			isa = XCConfigurationList;
			buildConfigurations = (
				69766FDE26B99C3B00DBD18C /* Debug */,
				69766FDF26B99C3B00DBD18C /* Release */,
			);
			defaultConfigurationIsVisible = 0;
			defaultConfigurationName = Release;
		};
/* End XCConfigurationList section */
	};
	rootObject = 582066CC2628129400D3BCCA /* Project object */;
}
